
Microsoft Visual Studio Solution File, Format Version 12.00
# Visual Studio Version 17
VisualStudioVersion = 17.8.34511.84
MinimumVisualStudioVersion = 10.0.40219.1
Project("{FAE04EC0-301F-11D3-BF4B-00C04F79EFBC}") = "UtcDateTime", "UtcDateTime.csproj", "{6190C055-257D-42EC-879C-20FA23779FD3}"
EndProject
Global
	GlobalSection(SolutionConfigurationPlatforms) = preSolution
		Debug|Any CPU = Debug|Any CPU
		Release|Any CPU = Release|Any CPU
	EndGlobalSection
	GlobalSection(ProjectConfigurationPlatforms) = postSolution
		{6190C055-257D-42EC-879C-20FA23779FD3}.Debug|Any CPU.ActiveCfg = Debug|Any CPU
		{6190C055-257D-42EC-879C-20FA23779FD3}.Debug|Any CPU.Build.0 = Debug|Any CPU
		{6190C055-257D-42EC-879C-20FA23779FD3}.Release|Any CPU.ActiveCfg = Release|Any CPU
		{6190C055-257D-42EC-879C-20FA23779FD3}.Release|Any CPU.Build.0 = Release|Any CPU
	EndGlobalSection
	GlobalSection(SolutionProperties) = preSolution
		HideSolutionNode = FALSE
	EndGlobalSection
	GlobalSection(ExtensibilityGlobals) = postSolution
		SolutionGuid = {4F183AF7-B2E0-482A-A55B-FF6BD9680033}
	EndGlobalSection
EndGlobal
