
Microsoft Visual Studio Solution File, Format Version 12.00
# Visual Studio 15
VisualStudioVersion = 15.0.26730.12
MinimumVisualStudioVersion = 10.0.40219.1
Project("{2150E333-8FDC-42A3-9474-1A3956D46DE8}") = "Solution Items", "Solution Items", "{885042E3-18EA-4927-B1CF-5E0E3DBD1C00}"
	ProjectSection(SolutionItems) = preProject
		.travis.yml = .travis.yml
		appveyor.core.yml = appveyor.core.yml
		appveyor.mono.yml = appveyor.mono.yml
		appveyor.yml = appveyor.yml
		Av-InitDatabases.ps1 = Av-InitDatabases.ps1
		build.cake = build.cake
		build.ps1 = build.ps1
		build.sh = build.sh
		travisbuild.sh = travisbuild.sh
	EndProjectSection
EndProject
Project("{2150E333-8FDC-42A3-9474-1A3956D46DE8}") = "Source", "Source", "{AF93451E-198C-4A94-8EB4-C330D886E102}"
EndProject
Project("{9A19103F-16F7-4668-BE54-9A1E7A4F7556}") = "Source", "Source\Source.csproj", "{0E4E9A56-F285-4067-ADAA-392ACB9CAAA7}"
EndProject
Project("{2150E333-8FDC-42A3-9474-1A3956D46DE8}") = "Tests", "Tests", "{DF8DE665-05A2-4ACF-9799-8FC35E7F1525}"
EndProject
Project("{9A19103F-16F7-4668-BE54-9A1E7A4F7556}") = "Model", "Tests\Model\Model.csproj", "{EF534F71-A4E6-4019-8835-43BEE792C70A}"
EndProject
Project("{9A19103F-16F7-4668-BE54-9A1E7A4F7556}") = "Linq", "Tests\Linq\Linq.csproj", "{471EE14E-D11F-4E55-9293-7E9617573168}"
EndProject
Project("{F2A71F9B-5D33-465A-A702-920D77279786}") = "Tests.FSharp", "Tests\FSharp\Tests.FSharp.fsproj", "{56109866-4005-4852-9F9A-19A7A8D3B369}"
EndProject
Project("{F184B08F-C81C-45F6-A57F-5ABD9991F28F}") = "VisualBasic", "Tests\VisualBasic\VisualBasic.vbproj", "{A5524EBC-8058-4B16-8D09-D992555CBFCB}"
EndProject
Global
	GlobalSection(SolutionConfigurationPlatforms) = preSolution
		Debug|Any CPU = Debug|Any CPU
		Release|Any CPU = Release|Any CPU
	EndGlobalSection
	GlobalSection(ProjectConfigurationPlatforms) = postSolution
		{0E4E9A56-F285-4067-ADAA-392ACB9CAAA7}.Debug|Any CPU.ActiveCfg = Debug|Any CPU
		{0E4E9A56-F285-4067-ADAA-392ACB9CAAA7}.Debug|Any CPU.Build.0 = Debug|Any CPU
		{0E4E9A56-F285-4067-ADAA-392ACB9CAAA7}.Release|Any CPU.ActiveCfg = Release|Any CPU
		{0E4E9A56-F285-4067-ADAA-392ACB9CAAA7}.Release|Any CPU.Build.0 = Release|Any CPU
		{EF534F71-A4E6-4019-8835-43BEE792C70A}.Debug|Any CPU.ActiveCfg = Debug|Any CPU
		{EF534F71-A4E6-4019-8835-43BEE792C70A}.Debug|Any CPU.Build.0 = Debug|Any CPU
		{EF534F71-A4E6-4019-8835-43BEE792C70A}.Release|Any CPU.ActiveCfg = Release|Any CPU
		{EF534F71-A4E6-4019-8835-43BEE792C70A}.Release|Any CPU.Build.0 = Release|Any CPU
		{471EE14E-D11F-4E55-9293-7E9617573168}.Debug|Any CPU.ActiveCfg = Debug|Any CPU
		{471EE14E-D11F-4E55-9293-7E9617573168}.Debug|Any CPU.Build.0 = Debug|Any CPU
		{471EE14E-D11F-4E55-9293-7E9617573168}.Release|Any CPU.ActiveCfg = Release|Any CPU
		{471EE14E-D11F-4E55-9293-7E9617573168}.Release|Any CPU.Build.0 = Release|Any CPU
		{56109866-4005-4852-9F9A-19A7A8D3B369}.Debug|Any CPU.ActiveCfg = Debug|Any CPU
		{56109866-4005-4852-9F9A-19A7A8D3B369}.Debug|Any CPU.Build.0 = Debug|Any CPU
		{56109866-4005-4852-9F9A-19A7A8D3B369}.Release|Any CPU.ActiveCfg = Release|Any CPU
		{56109866-4005-4852-9F9A-19A7A8D3B369}.Release|Any CPU.Build.0 = Release|Any CPU
		{A5524EBC-8058-4B16-8D09-D992555CBFCB}.Debug|Any CPU.ActiveCfg = Debug|Any CPU
		{A5524EBC-8058-4B16-8D09-D992555CBFCB}.Debug|Any CPU.Build.0 = Debug|Any CPU
		{A5524EBC-8058-4B16-8D09-D992555CBFCB}.Release|Any CPU.ActiveCfg = Release|Any CPU
		{A5524EBC-8058-4B16-8D09-D992555CBFCB}.Release|Any CPU.Build.0 = Release|Any CPU
	EndGlobalSection
	GlobalSection(SolutionProperties) = preSolution
		HideSolutionNode = FALSE
	EndGlobalSection
	GlobalSection(NestedProjects) = preSolution
		{0E4E9A56-F285-4067-ADAA-392ACB9CAAA7} = {AF93451E-198C-4A94-8EB4-C330D886E102}
		{EF534F71-A4E6-4019-8835-43BEE792C70A} = {DF8DE665-05A2-4ACF-9799-8FC35E7F1525}
		{471EE14E-D11F-4E55-9293-7E9617573168} = {DF8DE665-05A2-4ACF-9799-8FC35E7F1525}
		{56109866-4005-4852-9F9A-19A7A8D3B369} = {DF8DE665-05A2-4ACF-9799-8FC35E7F1525}
		{A5524EBC-8058-4B16-8D09-D992555CBFCB} = {DF8DE665-05A2-4ACF-9799-8FC35E7F1525}
	EndGlobalSection
	GlobalSection(ExtensibilityGlobals) = postSolution
		SolutionGuid = {15BBD7CE-1C8E-4407-9DCF-674982CEB3F7}
	EndGlobalSection
EndGlobal
