
Microsoft Visual Studio Solution File, Format Version 12.00
# Visual Studio 14
VisualStudioVersion = 14.0.25420.1
MinimumVisualStudioVersion = 10.0.40219.1
Project("{FAE04EC0-301F-11D3-BF4B-00C04F79EFBC}") = "LinqToDB", "Source\LinqToDB.csproj", "{7CBD2975-3D0C-4BC3-BB4E-932F910778CF}"
EndProject
Project("{2150E333-8FDC-42A3-9474-1A3956D46DE8}") = "Tests", "Tests", "{B4CC1DAB-FF2D-4247-9A46-B7DE236981BB}"
	ProjectSection(SolutionItems) = preProject
		Tests\linq2db.runsettings = Tests\linq2db.runsettings
	EndProjectSection
EndProject
Project("{FAE04EC0-301F-11D3-BF4B-00C04F79EFBC}") = "Tests", "Tests\Linq\Tests.csproj", "{07997A18-86D3-47AC-A514-AB1B03E6AEC8}"
EndProject
Project("{FAE04EC0-301F-11D3-BF4B-00C04F79EFBC}") = "Tests.Model", "Tests\Model\Tests.Model.csproj", "{D527524F-EC92-465E-9CAE-86278121675A}"
EndProject
Project("{F184B08F-C81C-45F6-A57F-5ABD9991F28F}") = "Tests.VisualBasic", "Tests\VisualBasic\Tests.VisualBasic.vbproj", "{D11617AB-9F88-4C74-8ABD-F8580DB4B01B}"
EndProject
Project("{2150E333-8FDC-42A3-9474-1A3956D46DE8}") = ".doc", ".doc", "{751CE0BA-690F-42BF-94C7-C8276F8A84CF}"
	ProjectSection(SolutionItems) = preProject
		.travis.yml = .travis.yml
		appveyor.yml = appveyor.yml
		MIT-LICENSE.txt = MIT-LICENSE.txt
		README.md = README.md
	EndProjectSection
EndProject
Project("{2150E333-8FDC-42A3-9474-1A3956D46DE8}") = "NuGet", "NuGet", "{BAE16247-BCCD-4C39-B714-39CDF10904E9}"
	ProjectSection(SolutionItems) = preProject
		NuGet\linq2db.nuspec = NuGet\linq2db.nuspec
		NuGet\Pack.bat = NuGet\Pack.bat
		NuGet\Push.bat = NuGet\Push.bat
		NuGet\Readme.txt = NuGet\Readme.txt
	EndProjectSection
EndProject
Project("{F2A71F9B-5D33-465A-A702-920D77279786}") = "Tests.FSharp", "Tests\FSharp\Tests.FSharp.fsproj", "{56109866-4005-4852-9F9A-19A7A8D3B369}"
EndProject
Project("{FAE04EC0-301F-11D3-BF4B-00C04F79EFBC}") = "TestApp", "Tests\TestApp\TestApp.csproj", "{DBD530B2-745E-43DC-9821-A266BD7DD22A}"
EndProject
Project("{FAE04EC0-301F-11D3-BF4B-00C04F79EFBC}") = "LinqToDB.Silverlight.5", "Source\LinqToDB.Silverlight.5.csproj", "{3BB30E13-DA74-49E0-853F-B524E0F9E1FF}"
EndProject
Global
	GlobalSection(SolutionConfigurationPlatforms) = preSolution
		Debug|Any CPU = Debug|Any CPU
		Debug|ARM = Debug|ARM
		Debug|x64 = Debug|x64
		Debug|x86 = Debug|x86
		Release|Any CPU = Release|Any CPU
		Release|ARM = Release|ARM
		Release|x64 = Release|x64
		Release|x86 = Release|x86
	EndGlobalSection
	GlobalSection(ProjectConfigurationPlatforms) = postSolution
		{7CBD2975-3D0C-4BC3-BB4E-932F910778CF}.Debug|Any CPU.ActiveCfg = Debug|Any CPU
		{7CBD2975-3D0C-4BC3-BB4E-932F910778CF}.Debug|Any CPU.Build.0 = Debug|Any CPU
		{7CBD2975-3D0C-4BC3-BB4E-932F910778CF}.Debug|ARM.ActiveCfg = Debug|Any CPU
		{7CBD2975-3D0C-4BC3-BB4E-932F910778CF}.Debug|x64.ActiveCfg = Debug|Any CPU
		{7CBD2975-3D0C-4BC3-BB4E-932F910778CF}.Debug|x86.ActiveCfg = Debug|Any CPU
		{7CBD2975-3D0C-4BC3-BB4E-932F910778CF}.Release|Any CPU.ActiveCfg = Release|Any CPU
		{7CBD2975-3D0C-4BC3-BB4E-932F910778CF}.Release|Any CPU.Build.0 = Release|Any CPU
		{7CBD2975-3D0C-4BC3-BB4E-932F910778CF}.Release|ARM.ActiveCfg = Release|Any CPU
		{7CBD2975-3D0C-4BC3-BB4E-932F910778CF}.Release|x64.ActiveCfg = Release|Any CPU
		{7CBD2975-3D0C-4BC3-BB4E-932F910778CF}.Release|x86.ActiveCfg = Release|Any CPU
		{07997A18-86D3-47AC-A514-AB1B03E6AEC8}.Debug|Any CPU.ActiveCfg = Debug|Any CPU
		{07997A18-86D3-47AC-A514-AB1B03E6AEC8}.Debug|Any CPU.Build.0 = Debug|Any CPU
		{07997A18-86D3-47AC-A514-AB1B03E6AEC8}.Debug|ARM.ActiveCfg = Debug|Any CPU
		{07997A18-86D3-47AC-A514-AB1B03E6AEC8}.Debug|x64.ActiveCfg = Debug|Any CPU
		{07997A18-86D3-47AC-A514-AB1B03E6AEC8}.Debug|x86.ActiveCfg = Debug|Any CPU
		{07997A18-86D3-47AC-A514-AB1B03E6AEC8}.Release|Any CPU.ActiveCfg = Release|Any CPU
		{07997A18-86D3-47AC-A514-AB1B03E6AEC8}.Release|Any CPU.Build.0 = Release|Any CPU
		{07997A18-86D3-47AC-A514-AB1B03E6AEC8}.Release|ARM.ActiveCfg = Release|Any CPU
		{07997A18-86D3-47AC-A514-AB1B03E6AEC8}.Release|x64.ActiveCfg = Release|Any CPU
		{07997A18-86D3-47AC-A514-AB1B03E6AEC8}.Release|x86.ActiveCfg = Release|Any CPU
		{D527524F-EC92-465E-9CAE-86278121675A}.Debug|Any CPU.ActiveCfg = Debug|Any CPU
		{D527524F-EC92-465E-9CAE-86278121675A}.Debug|Any CPU.Build.0 = Debug|Any CPU
		{D527524F-EC92-465E-9CAE-86278121675A}.Debug|ARM.ActiveCfg = Debug|Any CPU
		{D527524F-EC92-465E-9CAE-86278121675A}.Debug|x64.ActiveCfg = Debug|Any CPU
		{D527524F-EC92-465E-9CAE-86278121675A}.Debug|x86.ActiveCfg = Debug|Any CPU
		{D527524F-EC92-465E-9CAE-86278121675A}.Release|Any CPU.ActiveCfg = Release|Any CPU
		{D527524F-EC92-465E-9CAE-86278121675A}.Release|Any CPU.Build.0 = Release|Any CPU
		{D527524F-EC92-465E-9CAE-86278121675A}.Release|ARM.ActiveCfg = Release|Any CPU
		{D527524F-EC92-465E-9CAE-86278121675A}.Release|x64.ActiveCfg = Release|Any CPU
		{D527524F-EC92-465E-9CAE-86278121675A}.Release|x86.ActiveCfg = Release|Any CPU
		{D11617AB-9F88-4C74-8ABD-F8580DB4B01B}.Debug|Any CPU.ActiveCfg = Debug|Any CPU
		{D11617AB-9F88-4C74-8ABD-F8580DB4B01B}.Debug|Any CPU.Build.0 = Debug|Any CPU
		{D11617AB-9F88-4C74-8ABD-F8580DB4B01B}.Debug|ARM.ActiveCfg = Debug|Any CPU
		{D11617AB-9F88-4C74-8ABD-F8580DB4B01B}.Debug|x64.ActiveCfg = Debug|Any CPU
		{D11617AB-9F88-4C74-8ABD-F8580DB4B01B}.Debug|x86.ActiveCfg = Debug|Any CPU
		{D11617AB-9F88-4C74-8ABD-F8580DB4B01B}.Release|Any CPU.ActiveCfg = Release|Any CPU
		{D11617AB-9F88-4C74-8ABD-F8580DB4B01B}.Release|Any CPU.Build.0 = Release|Any CPU
		{D11617AB-9F88-4C74-8ABD-F8580DB4B01B}.Release|ARM.ActiveCfg = Release|Any CPU
		{D11617AB-9F88-4C74-8ABD-F8580DB4B01B}.Release|x64.ActiveCfg = Release|Any CPU
		{D11617AB-9F88-4C74-8ABD-F8580DB4B01B}.Release|x86.ActiveCfg = Release|Any CPU
		{56109866-4005-4852-9F9A-19A7A8D3B369}.Debug|Any CPU.ActiveCfg = Debug|Any CPU
		{56109866-4005-4852-9F9A-19A7A8D3B369}.Debug|Any CPU.Build.0 = Debug|Any CPU
		{56109866-4005-4852-9F9A-19A7A8D3B369}.Debug|ARM.ActiveCfg = Debug|Any CPU
		{56109866-4005-4852-9F9A-19A7A8D3B369}.Debug|x64.ActiveCfg = Debug|Any CPU
		{56109866-4005-4852-9F9A-19A7A8D3B369}.Debug|x86.ActiveCfg = Debug|Any CPU
		{56109866-4005-4852-9F9A-19A7A8D3B369}.Release|Any CPU.ActiveCfg = Release|Any CPU
		{56109866-4005-4852-9F9A-19A7A8D3B369}.Release|Any CPU.Build.0 = Release|Any CPU
		{56109866-4005-4852-9F9A-19A7A8D3B369}.Release|ARM.ActiveCfg = Release|Any CPU
		{56109866-4005-4852-9F9A-19A7A8D3B369}.Release|x64.ActiveCfg = Release|Any CPU
		{56109866-4005-4852-9F9A-19A7A8D3B369}.Release|x86.ActiveCfg = Release|Any CPU
		{DBD530B2-745E-43DC-9821-A266BD7DD22A}.Debug|Any CPU.ActiveCfg = Debug|Any CPU
		{DBD530B2-745E-43DC-9821-A266BD7DD22A}.Debug|Any CPU.Build.0 = Debug|Any CPU
		{DBD530B2-745E-43DC-9821-A266BD7DD22A}.Debug|ARM.ActiveCfg = Debug|Any CPU
		{DBD530B2-745E-43DC-9821-A266BD7DD22A}.Debug|x64.ActiveCfg = Debug|Any CPU
		{DBD530B2-745E-43DC-9821-A266BD7DD22A}.Debug|x86.ActiveCfg = Debug|Any CPU
		{DBD530B2-745E-43DC-9821-A266BD7DD22A}.Release|Any CPU.ActiveCfg = Release|Any CPU
		{DBD530B2-745E-43DC-9821-A266BD7DD22A}.Release|Any CPU.Build.0 = Release|Any CPU
		{DBD530B2-745E-43DC-9821-A266BD7DD22A}.Release|ARM.ActiveCfg = Release|Any CPU
		{DBD530B2-745E-43DC-9821-A266BD7DD22A}.Release|x64.ActiveCfg = Release|Any CPU
		{DBD530B2-745E-43DC-9821-A266BD7DD22A}.Release|x86.ActiveCfg = Release|Any CPU
		{3BB30E13-DA74-49E0-853F-B524E0F9E1FF}.Debug|Any CPU.ActiveCfg = Debug|Any CPU
		{3BB30E13-DA74-49E0-853F-B524E0F9E1FF}.Debug|Any CPU.Build.0 = Debug|Any CPU
		{3BB30E13-DA74-49E0-853F-B524E0F9E1FF}.Debug|ARM.ActiveCfg = Debug|Any CPU
		{3BB30E13-DA74-49E0-853F-B524E0F9E1FF}.Debug|ARM.Build.0 = Debug|Any CPU
		{3BB30E13-DA74-49E0-853F-B524E0F9E1FF}.Debug|x64.ActiveCfg = Debug|Any CPU
		{3BB30E13-DA74-49E0-853F-B524E0F9E1FF}.Debug|x64.Build.0 = Debug|Any CPU
		{3BB30E13-DA74-49E0-853F-B524E0F9E1FF}.Debug|x86.ActiveCfg = Debug|Any CPU
		{3BB30E13-DA74-49E0-853F-B524E0F9E1FF}.Debug|x86.Build.0 = Debug|Any CPU
		{3BB30E13-DA74-49E0-853F-B524E0F9E1FF}.Release|Any CPU.ActiveCfg = Release|Any CPU
		{3BB30E13-DA74-49E0-853F-B524E0F9E1FF}.Release|Any CPU.Build.0 = Release|Any CPU
		{3BB30E13-DA74-49E0-853F-B524E0F9E1FF}.Release|ARM.ActiveCfg = Release|Any CPU
		{3BB30E13-DA74-49E0-853F-B524E0F9E1FF}.Release|ARM.Build.0 = Release|Any CPU
		{3BB30E13-DA74-49E0-853F-B524E0F9E1FF}.Release|x64.ActiveCfg = Release|Any CPU
		{3BB30E13-DA74-49E0-853F-B524E0F9E1FF}.Release|x64.Build.0 = Release|Any CPU
		{3BB30E13-DA74-49E0-853F-B524E0F9E1FF}.Release|x86.ActiveCfg = Release|Any CPU
		{3BB30E13-DA74-49E0-853F-B524E0F9E1FF}.Release|x86.Build.0 = Release|Any CPU
	EndGlobalSection
	GlobalSection(SolutionProperties) = preSolution
		HideSolutionNode = FALSE
	EndGlobalSection
	GlobalSection(NestedProjects) = preSolution
		{07997A18-86D3-47AC-A514-AB1B03E6AEC8} = {B4CC1DAB-FF2D-4247-9A46-B7DE236981BB}
		{D527524F-EC92-465E-9CAE-86278121675A} = {B4CC1DAB-FF2D-4247-9A46-B7DE236981BB}
		{D11617AB-9F88-4C74-8ABD-F8580DB4B01B} = {B4CC1DAB-FF2D-4247-9A46-B7DE236981BB}
		{56109866-4005-4852-9F9A-19A7A8D3B369} = {B4CC1DAB-FF2D-4247-9A46-B7DE236981BB}
		{DBD530B2-745E-43DC-9821-A266BD7DD22A} = {B4CC1DAB-FF2D-4247-9A46-B7DE236981BB}
	EndGlobalSection
EndGlobal
