
Microsoft Visual Studio Solution File, Format Version 12.00
# Visual Studio 2012
Project("{FAE04EC0-301F-11D3-BF4B-00C04F79EFBC}") = "LinqToDB", "Source\LinqToDB.csproj", "{7CBD2975-3D0C-4BC3-BB4E-932F910778CF}"
EndProject
Project("{2150E333-8FDC-42A3-9474-1A3956D46DE8}") = "Tests", "Tests", "{B4CC1DAB-FF2D-4247-9A46-B7DE236981BB}"
EndProject
Project("{FAE04EC0-301F-11D3-BF4B-00C04F79EFBC}") = "Tests", "Tests\Linq\Tests.csproj", "{07997A18-86D3-47AC-A514-AB1B03E6AEC8}"
EndProject
Project("{FAE04EC0-301F-11D3-BF4B-00C04F79EFBC}") = "Tests.Model", "Tests\Model\Tests.Model.csproj", "{D527524F-EC92-465E-9CAE-86278121675A}"
EndProject
Project("{F184B08F-C81C-45F6-A57F-5ABD9991F28F}") = "Tests.VisualBasic", "Tests\VisualBasic\Tests.VisualBasic.vbproj", "{D11617AB-9F88-4C74-8ABD-F8580DB4B01B}"
EndProject
Project("{2150E333-8FDC-42A3-9474-1A3956D46DE8}") = "DataProviders", "DataProviders", "{17AF81E6-18DD-42AF-BEE3-83EE02DA9126}"
EndProject
Project("{FAE04EC0-301F-11D3-BF4B-00C04F79EFBC}") = "LinqToDB.DB2", "DataProviders\DB2\LinqToDB.DB2.csproj", "{86BF4F10-3606-4016-9919-84C3335813B6}"
EndProject
Project("{2150E333-8FDC-42A3-9474-1A3956D46DE8}") = ".nuget", ".nuget", "{E526EDF0-4442-4931-8C5E-E12ECD480202}"
	ProjectSection(SolutionItems) = preProject
		.nuget\packages.config = .nuget\packages.config
	EndProjectSection
EndProject
Project("{FAE04EC0-301F-11D3-BF4B-00C04F79EFBC}") = "LinqToDB.Firebird", "DataProviders\Firebird\LinqToDB.Firebird.csproj", "{C1F8C201-BBD9-44F4-884C-CFF8CC960B68}"
EndProject
Project("{FAE04EC0-301F-11D3-BF4B-00C04F79EFBC}") = "LinqToDB.Informix", "DataProviders\Informix\LinqToDB.Informix.csproj", "{B1DEA25C-7667-471B-BBAD-64D017FDD104}"
EndProject
Project("{FAE04EC0-301F-11D3-BF4B-00C04F79EFBC}") = "LinqToDB.MySql", "DataProviders\MySql\LinqToDB.MySql.csproj", "{3578AF4C-CBFF-4A38-88F5-E86AC990AFBD}"
EndProject
Project("{FAE04EC0-301F-11D3-BF4B-00C04F79EFBC}") = "LinqToDB.Oracle", "DataProviders\Oracle\LinqToDB.Oracle.csproj", "{2B5287F2-A6AC-4D5A-B0A8-01C06144824D}"
EndProject
Project("{FAE04EC0-301F-11D3-BF4B-00C04F79EFBC}") = "LinqToDB.PostgreSQL", "DataProviders\PostgreSQL\LinqToDB.PostgreSQL.csproj", "{5A556D57-0D68-433B-AD78-02849583582B}"
EndProject
Project("{FAE04EC0-301F-11D3-BF4B-00C04F79EFBC}") = "LinqToDB.SqlCe", "DataProviders\SqlCe\LinqToDB.SqlCe.csproj", "{85E90F57-8DE1-4912-8414-28578F4D71CD}"
EndProject
Project("{FAE04EC0-301F-11D3-BF4B-00C04F79EFBC}") = "LinqToDB.SQLite", "DataProviders\SQLite\LinqToDB.SQLite.csproj", "{3E414663-B673-47A8-AB59-0E08FE43DA86}"
EndProject
Project("{FAE04EC0-301F-11D3-BF4B-00C04F79EFBC}") = "LinqToDB.Sybase", "DataProviders\Sybase\LinqToDB.Sybase.csproj", "{6CD8CC3D-643D-4D09-8660-A26085C44FBC}"
EndProject
Project("{FAE04EC0-301F-11D3-BF4B-00C04F79EFBC}") = "LinqToDB.SqlServer", "DataProviders\SqlServer\LinqToDB.SqlServer.csproj", "{13C31BB8-1B74-4156-A7BF-A6474DE62E07}"
EndProject
Project("{FAE04EC0-301F-11D3-BF4B-00C04F79EFBC}") = "LinqToDB.Access", "DataProviders\Access\LinqToDB.Access.csproj", "{E8687813-3AA8-415F-B749-8A11B1A70D88}"
EndProject
Global
	GlobalSection(SolutionConfigurationPlatforms) = preSolution
		Debug|Any CPU = Debug|Any CPU
		Release|Any CPU = Release|Any CPU
	EndGlobalSection
	GlobalSection(ProjectConfigurationPlatforms) = postSolution
		{7CBD2975-3D0C-4BC3-BB4E-932F910778CF}.Debug|Any CPU.ActiveCfg = Debug|Any CPU
		{7CBD2975-3D0C-4BC3-BB4E-932F910778CF}.Debug|Any CPU.Build.0 = Debug|Any CPU
		{7CBD2975-3D0C-4BC3-BB4E-932F910778CF}.Release|Any CPU.ActiveCfg = Release|Any CPU
		{7CBD2975-3D0C-4BC3-BB4E-932F910778CF}.Release|Any CPU.Build.0 = Release|Any CPU
		{07997A18-86D3-47AC-A514-AB1B03E6AEC8}.Debug|Any CPU.ActiveCfg = Debug|Any CPU
		{07997A18-86D3-47AC-A514-AB1B03E6AEC8}.Debug|Any CPU.Build.0 = Debug|Any CPU
		{07997A18-86D3-47AC-A514-AB1B03E6AEC8}.Release|Any CPU.ActiveCfg = Release|Any CPU
		{07997A18-86D3-47AC-A514-AB1B03E6AEC8}.Release|Any CPU.Build.0 = Release|Any CPU
		{D527524F-EC92-465E-9CAE-86278121675A}.Debug|Any CPU.ActiveCfg = Debug|Any CPU
		{D527524F-EC92-465E-9CAE-86278121675A}.Debug|Any CPU.Build.0 = Debug|Any CPU
		{D527524F-EC92-465E-9CAE-86278121675A}.Release|Any CPU.ActiveCfg = Release|Any CPU
		{D527524F-EC92-465E-9CAE-86278121675A}.Release|Any CPU.Build.0 = Release|Any CPU
		{D11617AB-9F88-4C74-8ABD-F8580DB4B01B}.Debug|Any CPU.ActiveCfg = Debug|Any CPU
		{D11617AB-9F88-4C74-8ABD-F8580DB4B01B}.Debug|Any CPU.Build.0 = Debug|Any CPU
		{D11617AB-9F88-4C74-8ABD-F8580DB4B01B}.Release|Any CPU.ActiveCfg = Release|Any CPU
		{D11617AB-9F88-4C74-8ABD-F8580DB4B01B}.Release|Any CPU.Build.0 = Release|Any CPU
		{86BF4F10-3606-4016-9919-84C3335813B6}.Debug|Any CPU.ActiveCfg = Debug|Any CPU
		{86BF4F10-3606-4016-9919-84C3335813B6}.Debug|Any CPU.Build.0 = Debug|Any CPU
		{86BF4F10-3606-4016-9919-84C3335813B6}.Release|Any CPU.ActiveCfg = Release|Any CPU
		{86BF4F10-3606-4016-9919-84C3335813B6}.Release|Any CPU.Build.0 = Release|Any CPU
		{C1F8C201-BBD9-44F4-884C-CFF8CC960B68}.Debug|Any CPU.ActiveCfg = Debug|Any CPU
		{C1F8C201-BBD9-44F4-884C-CFF8CC960B68}.Debug|Any CPU.Build.0 = Debug|Any CPU
		{C1F8C201-BBD9-44F4-884C-CFF8CC960B68}.Release|Any CPU.ActiveCfg = Release|Any CPU
		{C1F8C201-BBD9-44F4-884C-CFF8CC960B68}.Release|Any CPU.Build.0 = Release|Any CPU
		{B1DEA25C-7667-471B-BBAD-64D017FDD104}.Debug|Any CPU.ActiveCfg = Debug|Any CPU
		{B1DEA25C-7667-471B-BBAD-64D017FDD104}.Debug|Any CPU.Build.0 = Debug|Any CPU
		{B1DEA25C-7667-471B-BBAD-64D017FDD104}.Release|Any CPU.ActiveCfg = Release|Any CPU
		{B1DEA25C-7667-471B-BBAD-64D017FDD104}.Release|Any CPU.Build.0 = Release|Any CPU
		{3578AF4C-CBFF-4A38-88F5-E86AC990AFBD}.Debug|Any CPU.ActiveCfg = Debug|Any CPU
		{3578AF4C-CBFF-4A38-88F5-E86AC990AFBD}.Debug|Any CPU.Build.0 = Debug|Any CPU
		{3578AF4C-CBFF-4A38-88F5-E86AC990AFBD}.Release|Any CPU.ActiveCfg = Release|Any CPU
		{3578AF4C-CBFF-4A38-88F5-E86AC990AFBD}.Release|Any CPU.Build.0 = Release|Any CPU
		{2B5287F2-A6AC-4D5A-B0A8-01C06144824D}.Debug|Any CPU.ActiveCfg = Debug|Any CPU
		{2B5287F2-A6AC-4D5A-B0A8-01C06144824D}.Debug|Any CPU.Build.0 = Debug|Any CPU
		{2B5287F2-A6AC-4D5A-B0A8-01C06144824D}.Release|Any CPU.ActiveCfg = Release|Any CPU
		{2B5287F2-A6AC-4D5A-B0A8-01C06144824D}.Release|Any CPU.Build.0 = Release|Any CPU
		{5A556D57-0D68-433B-AD78-02849583582B}.Debug|Any CPU.ActiveCfg = Debug|Any CPU
		{5A556D57-0D68-433B-AD78-02849583582B}.Debug|Any CPU.Build.0 = Debug|Any CPU
		{5A556D57-0D68-433B-AD78-02849583582B}.Release|Any CPU.ActiveCfg = Release|Any CPU
		{5A556D57-0D68-433B-AD78-02849583582B}.Release|Any CPU.Build.0 = Release|Any CPU
		{85E90F57-8DE1-4912-8414-28578F4D71CD}.Debug|Any CPU.ActiveCfg = Debug|Any CPU
		{85E90F57-8DE1-4912-8414-28578F4D71CD}.Debug|Any CPU.Build.0 = Debug|Any CPU
		{85E90F57-8DE1-4912-8414-28578F4D71CD}.Release|Any CPU.ActiveCfg = Release|Any CPU
		{85E90F57-8DE1-4912-8414-28578F4D71CD}.Release|Any CPU.Build.0 = Release|Any CPU
		{3E414663-B673-47A8-AB59-0E08FE43DA86}.Debug|Any CPU.ActiveCfg = Debug|Any CPU
		{3E414663-B673-47A8-AB59-0E08FE43DA86}.Debug|Any CPU.Build.0 = Debug|Any CPU
		{3E414663-B673-47A8-AB59-0E08FE43DA86}.Release|Any CPU.ActiveCfg = Release|Any CPU
		{3E414663-B673-47A8-AB59-0E08FE43DA86}.Release|Any CPU.Build.0 = Release|Any CPU
		{6CD8CC3D-643D-4D09-8660-A26085C44FBC}.Debug|Any CPU.ActiveCfg = Debug|Any CPU
		{6CD8CC3D-643D-4D09-8660-A26085C44FBC}.Debug|Any CPU.Build.0 = Debug|Any CPU
		{6CD8CC3D-643D-4D09-8660-A26085C44FBC}.Release|Any CPU.ActiveCfg = Release|Any CPU
		{6CD8CC3D-643D-4D09-8660-A26085C44FBC}.Release|Any CPU.Build.0 = Release|Any CPU
		{13C31BB8-1B74-4156-A7BF-A6474DE62E07}.Debug|Any CPU.ActiveCfg = Debug|Any CPU
		{13C31BB8-1B74-4156-A7BF-A6474DE62E07}.Debug|Any CPU.Build.0 = Debug|Any CPU
		{13C31BB8-1B74-4156-A7BF-A6474DE62E07}.Release|Any CPU.ActiveCfg = Release|Any CPU
		{13C31BB8-1B74-4156-A7BF-A6474DE62E07}.Release|Any CPU.Build.0 = Release|Any CPU
		{E8687813-3AA8-415F-B749-8A11B1A70D88}.Debug|Any CPU.ActiveCfg = Debug|Any CPU
		{E8687813-3AA8-415F-B749-8A11B1A70D88}.Debug|Any CPU.Build.0 = Debug|Any CPU
		{E8687813-3AA8-415F-B749-8A11B1A70D88}.Release|Any CPU.ActiveCfg = Release|Any CPU
		{E8687813-3AA8-415F-B749-8A11B1A70D88}.Release|Any CPU.Build.0 = Release|Any CPU
	EndGlobalSection
	GlobalSection(SolutionProperties) = preSolution
		HideSolutionNode = FALSE
	EndGlobalSection
	GlobalSection(NestedProjects) = preSolution
		{07997A18-86D3-47AC-A514-AB1B03E6AEC8} = {B4CC1DAB-FF2D-4247-9A46-B7DE236981BB}
		{D527524F-EC92-465E-9CAE-86278121675A} = {B4CC1DAB-FF2D-4247-9A46-B7DE236981BB}
		{D11617AB-9F88-4C74-8ABD-F8580DB4B01B} = {B4CC1DAB-FF2D-4247-9A46-B7DE236981BB}
		{86BF4F10-3606-4016-9919-84C3335813B6} = {17AF81E6-18DD-42AF-BEE3-83EE02DA9126}
		{C1F8C201-BBD9-44F4-884C-CFF8CC960B68} = {17AF81E6-18DD-42AF-BEE3-83EE02DA9126}
		{B1DEA25C-7667-471B-BBAD-64D017FDD104} = {17AF81E6-18DD-42AF-BEE3-83EE02DA9126}
		{3578AF4C-CBFF-4A38-88F5-E86AC990AFBD} = {17AF81E6-18DD-42AF-BEE3-83EE02DA9126}
		{2B5287F2-A6AC-4D5A-B0A8-01C06144824D} = {17AF81E6-18DD-42AF-BEE3-83EE02DA9126}
		{5A556D57-0D68-433B-AD78-02849583582B} = {17AF81E6-18DD-42AF-BEE3-83EE02DA9126}
		{85E90F57-8DE1-4912-8414-28578F4D71CD} = {17AF81E6-18DD-42AF-BEE3-83EE02DA9126}
		{3E414663-B673-47A8-AB59-0E08FE43DA86} = {17AF81E6-18DD-42AF-BEE3-83EE02DA9126}
		{6CD8CC3D-643D-4D09-8660-A26085C44FBC} = {17AF81E6-18DD-42AF-BEE3-83EE02DA9126}
		{13C31BB8-1B74-4156-A7BF-A6474DE62E07} = {17AF81E6-18DD-42AF-BEE3-83EE02DA9126}
		{E8687813-3AA8-415F-B749-8A11B1A70D88} = {17AF81E6-18DD-42AF-BEE3-83EE02DA9126}
	EndGlobalSection
EndGlobal
