
Microsoft Visual Studio Solution File, Format Version 12.00
# Visual Studio 15
VisualStudioVersion = 15.0.26730.16
MinimumVisualStudioVersion = 10.0.40219.1
Project("{2150E333-8FDC-42A3-9474-1A3956D46DE8}") = "Build", "Build", "{885042E3-18EA-4927-B1CF-5E0E3DBD1C00}"
	ProjectSection(SolutionItems) = preProject
		.travis.yml = .travis.yml
		appveyor.core.yml = appveyor.core.yml
		appveyor.mono.yml = appveyor.mono.yml
		appveyor.yml = appveyor.yml
		Av-InitDatabases.ps1 = Av-InitDatabases.ps1
		av.cake = av.cake
		build.cake = build.cake
		build.ps1 = build.ps1
		build.sh = build.sh
		Build\linq2db.Default.props = Build\linq2db.Default.props
		Build\linq2db.snk = Build\linq2db.snk
		travisbuild.sh = travisbuild.sh
	EndProjectSection
EndProject
Project("{2150E333-8FDC-42A3-9474-1A3956D46DE8}") = "Source", "Source", "{AF93451E-198C-4A94-8EB4-C330D886E102}"
EndProject
Project("{9A19103F-16F7-4668-BE54-9A1E7A4F7556}") = "LinqToDB", "Source\LinqToDB\LinqToDB.csproj", "{0E4E9A56-F285-4067-ADAA-392ACB9CAAA7}"
EndProject
Project("{2150E333-8FDC-42A3-9474-1A3956D46DE8}") = "Tests", "Tests", "{DF8DE665-05A2-4ACF-9799-8FC35E7F1525}"
EndProject
Project("{9A19103F-16F7-4668-BE54-9A1E7A4F7556}") = "Tests.Model", "Tests\Model\Tests.Model.csproj", "{EF534F71-A4E6-4019-8835-43BEE792C70A}"
EndProject
Project("{9A19103F-16F7-4668-BE54-9A1E7A4F7556}") = "Tests", "Tests\Linq\Tests.csproj", "{0A1B1E37-2615-4387-B6F5-94F004814ED0}"
	ProjectSection(ProjectDependencies) = postProject
		{56109866-4005-4852-9F9A-19A7A8D3B369} = {56109866-4005-4852-9F9A-19A7A8D3B369}
	EndProjectSection
EndProject
Project("{F2A71F9B-5D33-465A-A702-920D77279786}") = "Tests.FSharp", "Tests\FSharp\Tests.FSharp.fsproj", "{56109866-4005-4852-9F9A-19A7A8D3B369}"
EndProject
Project("{778DAE3C-4631-46EA-AA77-85C1314464D9}") = "Tests.VisualBasic", "Tests\VisualBasic\Tests.VisualBasic.vbproj", "{A5524EBC-8058-4B16-8D09-D992555CBFCB}"
EndProject
Global
	GlobalSection(SolutionConfigurationPlatforms) = preSolution
		CORE.1|Any CPU = CORE.1|Any CPU
		CORE.2|Any CPU = CORE.2|Any CPU
		Debug|Any CPU = Debug|Any CPU
		NET.45|Any CPU = NET.45|Any CPU
		Release|Any CPU = Release|Any CPU
		Travis|Any CPU = Travis|Any CPU
	EndGlobalSection
	GlobalSection(ProjectConfigurationPlatforms) = postSolution
		{0E4E9A56-F285-4067-ADAA-392ACB9CAAA7}.CORE.1|Any CPU.ActiveCfg = Debug|Any CPU
		{0E4E9A56-F285-4067-ADAA-392ACB9CAAA7}.CORE.1|Any CPU.Build.0 = Debug|Any CPU
		{0E4E9A56-F285-4067-ADAA-392ACB9CAAA7}.CORE.2|Any CPU.ActiveCfg = Debug|Any CPU
		{0E4E9A56-F285-4067-ADAA-392ACB9CAAA7}.CORE.2|Any CPU.Build.0 = Debug|Any CPU
		{0E4E9A56-F285-4067-ADAA-392ACB9CAAA7}.Debug|Any CPU.ActiveCfg = Debug|Any CPU
		{0E4E9A56-F285-4067-ADAA-392ACB9CAAA7}.Debug|Any CPU.Build.0 = Debug|Any CPU
		{0E4E9A56-F285-4067-ADAA-392ACB9CAAA7}.NET.45|Any CPU.ActiveCfg = Debug|Any CPU
		{0E4E9A56-F285-4067-ADAA-392ACB9CAAA7}.NET.45|Any CPU.Build.0 = Debug|Any CPU
		{0E4E9A56-F285-4067-ADAA-392ACB9CAAA7}.Release|Any CPU.ActiveCfg = Release|Any CPU
		{0E4E9A56-F285-4067-ADAA-392ACB9CAAA7}.Release|Any CPU.Build.0 = Release|Any CPU
		{0E4E9A56-F285-4067-ADAA-392ACB9CAAA7}.Travis|Any CPU.ActiveCfg = Travis|Any CPU
		{0E4E9A56-F285-4067-ADAA-392ACB9CAAA7}.Travis|Any CPU.Build.0 = Travis|Any CPU
		{EF534F71-A4E6-4019-8835-43BEE792C70A}.CORE.1|Any CPU.ActiveCfg = Debug|Any CPU
		{EF534F71-A4E6-4019-8835-43BEE792C70A}.CORE.1|Any CPU.Build.0 = Debug|Any CPU
		{EF534F71-A4E6-4019-8835-43BEE792C70A}.CORE.2|Any CPU.ActiveCfg = Debug|Any CPU
		{EF534F71-A4E6-4019-8835-43BEE792C70A}.CORE.2|Any CPU.Build.0 = Debug|Any CPU
		{EF534F71-A4E6-4019-8835-43BEE792C70A}.Debug|Any CPU.ActiveCfg = Debug|Any CPU
		{EF534F71-A4E6-4019-8835-43BEE792C70A}.Debug|Any CPU.Build.0 = Debug|Any CPU
		{EF534F71-A4E6-4019-8835-43BEE792C70A}.NET.45|Any CPU.ActiveCfg = Debug|Any CPU
		{EF534F71-A4E6-4019-8835-43BEE792C70A}.NET.45|Any CPU.Build.0 = Debug|Any CPU
		{EF534F71-A4E6-4019-8835-43BEE792C70A}.Release|Any CPU.ActiveCfg = Release|Any CPU
		{EF534F71-A4E6-4019-8835-43BEE792C70A}.Release|Any CPU.Build.0 = Release|Any CPU
		{EF534F71-A4E6-4019-8835-43BEE792C70A}.Travis|Any CPU.ActiveCfg = Travis|Any CPU
		{EF534F71-A4E6-4019-8835-43BEE792C70A}.Travis|Any CPU.Build.0 = Travis|Any CPU
		{0A1B1E37-2615-4387-B6F5-94F004814ED0}.CORE.1|Any CPU.ActiveCfg = CORE.1|Any CPU
		{0A1B1E37-2615-4387-B6F5-94F004814ED0}.CORE.1|Any CPU.Build.0 = CORE.1|Any CPU
		{0A1B1E37-2615-4387-B6F5-94F004814ED0}.CORE.2|Any CPU.ActiveCfg = CORE.2|Any CPU
		{0A1B1E37-2615-4387-B6F5-94F004814ED0}.CORE.2|Any CPU.Build.0 = CORE.2|Any CPU
		{0A1B1E37-2615-4387-B6F5-94F004814ED0}.Debug|Any CPU.ActiveCfg = Debug|Any CPU
		{0A1B1E37-2615-4387-B6F5-94F004814ED0}.Debug|Any CPU.Build.0 = Debug|Any CPU
		{0A1B1E37-2615-4387-B6F5-94F004814ED0}.NET.45|Any CPU.ActiveCfg = NET.45|Any CPU
		{0A1B1E37-2615-4387-B6F5-94F004814ED0}.NET.45|Any CPU.Build.0 = NET.45|Any CPU
		{0A1B1E37-2615-4387-B6F5-94F004814ED0}.Release|Any CPU.ActiveCfg = Release|Any CPU
		{0A1B1E37-2615-4387-B6F5-94F004814ED0}.Release|Any CPU.Build.0 = Release|Any CPU
		{0A1B1E37-2615-4387-B6F5-94F004814ED0}.Travis|Any CPU.ActiveCfg = Travis|Any CPU
		{0A1B1E37-2615-4387-B6F5-94F004814ED0}.Travis|Any CPU.Build.0 = Travis|Any CPU
		{56109866-4005-4852-9F9A-19A7A8D3B369}.CORE.1|Any CPU.ActiveCfg = Debug|Any CPU
		{56109866-4005-4852-9F9A-19A7A8D3B369}.CORE.1|Any CPU.Build.0 = Debug|Any CPU
		{56109866-4005-4852-9F9A-19A7A8D3B369}.CORE.2|Any CPU.ActiveCfg = Debug|Any CPU
		{56109866-4005-4852-9F9A-19A7A8D3B369}.CORE.2|Any CPU.Build.0 = Debug|Any CPU
		{56109866-4005-4852-9F9A-19A7A8D3B369}.Debug|Any CPU.ActiveCfg = Debug|Any CPU
		{56109866-4005-4852-9F9A-19A7A8D3B369}.Debug|Any CPU.Build.0 = Debug|Any CPU
		{56109866-4005-4852-9F9A-19A7A8D3B369}.NET.45|Any CPU.ActiveCfg = Debug|Any CPU
		{56109866-4005-4852-9F9A-19A7A8D3B369}.NET.45|Any CPU.Build.0 = Debug|Any CPU
		{56109866-4005-4852-9F9A-19A7A8D3B369}.Release|Any CPU.ActiveCfg = Release|Any CPU
		{56109866-4005-4852-9F9A-19A7A8D3B369}.Release|Any CPU.Build.0 = Release|Any CPU
		{56109866-4005-4852-9F9A-19A7A8D3B369}.Travis|Any CPU.ActiveCfg = Travis|Any CPU
		{A5524EBC-8058-4B16-8D09-D992555CBFCB}.CORE.1|Any CPU.ActiveCfg = Debug|Any CPU
		{A5524EBC-8058-4B16-8D09-D992555CBFCB}.CORE.1|Any CPU.Build.0 = Debug|Any CPU
		{A5524EBC-8058-4B16-8D09-D992555CBFCB}.CORE.2|Any CPU.ActiveCfg = Debug|Any CPU
		{A5524EBC-8058-4B16-8D09-D992555CBFCB}.CORE.2|Any CPU.Build.0 = Debug|Any CPU
		{A5524EBC-8058-4B16-8D09-D992555CBFCB}.Debug|Any CPU.ActiveCfg = Debug|Any CPU
		{A5524EBC-8058-4B16-8D09-D992555CBFCB}.Debug|Any CPU.Build.0 = Debug|Any CPU
		{A5524EBC-8058-4B16-8D09-D992555CBFCB}.NET.45|Any CPU.ActiveCfg = Debug|Any CPU
		{A5524EBC-8058-4B16-8D09-D992555CBFCB}.NET.45|Any CPU.Build.0 = Debug|Any CPU
		{A5524EBC-8058-4B16-8D09-D992555CBFCB}.Release|Any CPU.ActiveCfg = Release|Any CPU
		{A5524EBC-8058-4B16-8D09-D992555CBFCB}.Release|Any CPU.Build.0 = Release|Any CPU
		{A5524EBC-8058-4B16-8D09-D992555CBFCB}.Travis|Any CPU.ActiveCfg = Travis|Any CPU
	EndGlobalSection
	GlobalSection(SolutionProperties) = preSolution
		HideSolutionNode = FALSE
	EndGlobalSection
	GlobalSection(NestedProjects) = preSolution
		{0E4E9A56-F285-4067-ADAA-392ACB9CAAA7} = {AF93451E-198C-4A94-8EB4-C330D886E102}
		{EF534F71-A4E6-4019-8835-43BEE792C70A} = {DF8DE665-05A2-4ACF-9799-8FC35E7F1525}
		{0A1B1E37-2615-4387-B6F5-94F004814ED0} = {DF8DE665-05A2-4ACF-9799-8FC35E7F1525}
		{56109866-4005-4852-9F9A-19A7A8D3B369} = {DF8DE665-05A2-4ACF-9799-8FC35E7F1525}
		{A5524EBC-8058-4B16-8D09-D992555CBFCB} = {DF8DE665-05A2-4ACF-9799-8FC35E7F1525}
	EndGlobalSection
	GlobalSection(ExtensibilityGlobals) = postSolution
		SolutionGuid = {15BBD7CE-1C8E-4407-9DCF-674982CEB3F7}
	EndGlobalSection
EndGlobal
