
Microsoft Visual Studio Solution File, Format Version 12.00
# Visual Studio 14
VisualStudioVersion = 14.0.25420.1
MinimumVisualStudioVersion = 10.0.40219.1
Project("{FAE04EC0-301F-11D3-BF4B-00C04F79EFBC}") = "LinqToDB", "Source\LinqToDB.csproj", "{7CBD2975-3D0C-4BC3-BB4E-932F910778CF}"
EndProject
Project("{2150E333-8FDC-42A3-9474-1A3956D46DE8}") = "Tests", "Tests", "{B4CC1DAB-FF2D-4247-9A46-B7DE236981BB}"
EndProject
Project("{FAE04EC0-301F-11D3-BF4B-00C04F79EFBC}") = "Tests.Model", "Tests\Model\Tests.Model.csproj", "{D527524F-EC92-465E-9CAE-86278121675A}"
EndProject
Project("{2150E333-8FDC-42A3-9474-1A3956D46DE8}") = ".nuget", ".nuget", "{E526EDF0-4442-4931-8C5E-E12ECD480202}"
	ProjectSection(SolutionItems) = preProject
		.nuget\packages.config = .nuget\packages.config
	EndProjectSection
EndProject
Project("{2150E333-8FDC-42A3-9474-1A3956D46DE8}") = ".doc", ".doc", "{751CE0BA-690F-42BF-94C7-C8276F8A84CF}"
	ProjectSection(SolutionItems) = preProject
		.travis.yml = .travis.yml
		appveyor.mono.yml = appveyor.mono.yml
		MIT-LICENSE.txt = MIT-LICENSE.txt
		preparetravis.sh = preparetravis.sh
		README.md = README.md
	EndProjectSection
EndProject
Project("{2150E333-8FDC-42A3-9474-1A3956D46DE8}") = "NuGet", "NuGet", "{BAE16247-BCCD-4C39-B714-39CDF10904E9}"
	ProjectSection(SolutionItems) = preProject
		NuGet\linq2db.nuspec = NuGet\linq2db.nuspec
		NuGet\Pack.bat = NuGet\Pack.bat
		NuGet\Push.bat = NuGet\Push.bat
	EndProjectSection
EndProject
Project("{FAE04EC0-301F-11D3-BF4B-00C04F79EFBC}") = "Tests", "Tests\Linq\Tests.csproj", "{07997A18-86D3-47AC-A514-AB1B03E6AEC8}"
EndProject
Project("{FAE04EC0-301F-11D3-BF4B-00C04F79EFBC}") = "TestApp", "Tests\TestApp\TestApp.csproj", "{DBD530B2-745E-43DC-9821-A266BD7DD22A}"
EndProject
Global
	GlobalSection(SolutionConfigurationPlatforms) = preSolution
		Debug FW 3.5|Any CPU = Debug FW 3.5|Any CPU
		Debug FW 3.5|ARM = Debug FW 3.5|ARM
		Debug FW 3.5|x64 = Debug FW 3.5|x64
		Debug FW 3.5|x86 = Debug FW 3.5|x86
		Debug|Any CPU = Debug|Any CPU
		Debug|ARM = Debug|ARM
		Debug|x64 = Debug|x64
		Debug|x86 = Debug|x86
		DebugMono|Any CPU = DebugMono|Any CPU
		DebugMono|ARM = DebugMono|ARM
		DebugMono|x64 = DebugMono|x64
		DebugMono|x86 = DebugMono|x86
		Release|Any CPU = Release|Any CPU
		Release|ARM = Release|ARM
		Release|x64 = Release|x64
		Release|x86 = Release|x86
		ReleaseMono|Any CPU = ReleaseMono|Any CPU
		ReleaseMono|ARM = ReleaseMono|ARM
		ReleaseMono|x64 = ReleaseMono|x64
		ReleaseMono|x86 = ReleaseMono|x86
	EndGlobalSection
	GlobalSection(ProjectConfigurationPlatforms) = postSolution
		{7CBD2975-3D0C-4BC3-BB4E-932F910778CF}.Debug FW 3.5|Any CPU.ActiveCfg = Debug|Any CPU
		{7CBD2975-3D0C-4BC3-BB4E-932F910778CF}.Debug FW 3.5|Any CPU.Build.0 = Debug|Any CPU
		{7CBD2975-3D0C-4BC3-BB4E-932F910778CF}.Debug FW 3.5|ARM.ActiveCfg = Debug|Any CPU
		{7CBD2975-3D0C-4BC3-BB4E-932F910778CF}.Debug FW 3.5|ARM.Build.0 = Debug|Any CPU
		{7CBD2975-3D0C-4BC3-BB4E-932F910778CF}.Debug FW 3.5|x64.ActiveCfg = Debug|Any CPU
		{7CBD2975-3D0C-4BC3-BB4E-932F910778CF}.Debug FW 3.5|x64.Build.0 = Debug|Any CPU
		{7CBD2975-3D0C-4BC3-BB4E-932F910778CF}.Debug FW 3.5|x86.ActiveCfg = Debug|Any CPU
		{7CBD2975-3D0C-4BC3-BB4E-932F910778CF}.Debug FW 3.5|x86.Build.0 = Debug|Any CPU
		{7CBD2975-3D0C-4BC3-BB4E-932F910778CF}.Debug|Any CPU.ActiveCfg = Debug|Any CPU
		{7CBD2975-3D0C-4BC3-BB4E-932F910778CF}.Debug|Any CPU.Build.0 = Debug|Any CPU
		{7CBD2975-3D0C-4BC3-BB4E-932F910778CF}.Debug|ARM.ActiveCfg = Debug|Any CPU
		{7CBD2975-3D0C-4BC3-BB4E-932F910778CF}.Debug|x64.ActiveCfg = Debug|Any CPU
		{7CBD2975-3D0C-4BC3-BB4E-932F910778CF}.Debug|x86.ActiveCfg = Debug|Any CPU
		{7CBD2975-3D0C-4BC3-BB4E-932F910778CF}.DebugMono|Any CPU.ActiveCfg = DebugMono|Any CPU
		{7CBD2975-3D0C-4BC3-BB4E-932F910778CF}.DebugMono|Any CPU.Build.0 = DebugMono|Any CPU
		{7CBD2975-3D0C-4BC3-BB4E-932F910778CF}.DebugMono|ARM.ActiveCfg = DebugMono|Any CPU
		{7CBD2975-3D0C-4BC3-BB4E-932F910778CF}.DebugMono|ARM.Build.0 = DebugMono|Any CPU
		{7CBD2975-3D0C-4BC3-BB4E-932F910778CF}.DebugMono|x64.ActiveCfg = DebugMono|Any CPU
		{7CBD2975-3D0C-4BC3-BB4E-932F910778CF}.DebugMono|x64.Build.0 = DebugMono|Any CPU
		{7CBD2975-3D0C-4BC3-BB4E-932F910778CF}.DebugMono|x86.ActiveCfg = DebugMono|Any CPU
		{7CBD2975-3D0C-4BC3-BB4E-932F910778CF}.DebugMono|x86.Build.0 = DebugMono|Any CPU
		{7CBD2975-3D0C-4BC3-BB4E-932F910778CF}.Release|Any CPU.ActiveCfg = Release|Any CPU
		{7CBD2975-3D0C-4BC3-BB4E-932F910778CF}.Release|Any CPU.Build.0 = Release|Any CPU
		{7CBD2975-3D0C-4BC3-BB4E-932F910778CF}.Release|ARM.ActiveCfg = Release|Any CPU
		{7CBD2975-3D0C-4BC3-BB4E-932F910778CF}.Release|x64.ActiveCfg = Release|Any CPU
		{7CBD2975-3D0C-4BC3-BB4E-932F910778CF}.Release|x86.ActiveCfg = Release|Any CPU
		{7CBD2975-3D0C-4BC3-BB4E-932F910778CF}.ReleaseMono|Any CPU.ActiveCfg = ReleaseMono|Any CPU
		{7CBD2975-3D0C-4BC3-BB4E-932F910778CF}.ReleaseMono|Any CPU.Build.0 = ReleaseMono|Any CPU
		{7CBD2975-3D0C-4BC3-BB4E-932F910778CF}.ReleaseMono|ARM.ActiveCfg = ReleaseMono|Any CPU
		{7CBD2975-3D0C-4BC3-BB4E-932F910778CF}.ReleaseMono|ARM.Build.0 = ReleaseMono|Any CPU
		{7CBD2975-3D0C-4BC3-BB4E-932F910778CF}.ReleaseMono|x64.ActiveCfg = ReleaseMono|Any CPU
		{7CBD2975-3D0C-4BC3-BB4E-932F910778CF}.ReleaseMono|x64.Build.0 = ReleaseMono|Any CPU
		{7CBD2975-3D0C-4BC3-BB4E-932F910778CF}.ReleaseMono|x86.ActiveCfg = ReleaseMono|Any CPU
		{7CBD2975-3D0C-4BC3-BB4E-932F910778CF}.ReleaseMono|x86.Build.0 = ReleaseMono|Any CPU
		{D527524F-EC92-465E-9CAE-86278121675A}.Debug FW 3.5|Any CPU.ActiveCfg = Debug FW 3.5|Any CPU
		{D527524F-EC92-465E-9CAE-86278121675A}.Debug FW 3.5|Any CPU.Build.0 = Debug FW 3.5|Any CPU
		{D527524F-EC92-465E-9CAE-86278121675A}.Debug FW 3.5|ARM.ActiveCfg = Debug FW 3.5|Any CPU
		{D527524F-EC92-465E-9CAE-86278121675A}.Debug FW 3.5|ARM.Build.0 = Debug FW 3.5|Any CPU
		{D527524F-EC92-465E-9CAE-86278121675A}.Debug FW 3.5|x64.ActiveCfg = Debug FW 3.5|Any CPU
		{D527524F-EC92-465E-9CAE-86278121675A}.Debug FW 3.5|x64.Build.0 = Debug FW 3.5|Any CPU
		{D527524F-EC92-465E-9CAE-86278121675A}.Debug FW 3.5|x86.ActiveCfg = Debug FW 3.5|Any CPU
		{D527524F-EC92-465E-9CAE-86278121675A}.Debug FW 3.5|x86.Build.0 = Debug FW 3.5|Any CPU
		{D527524F-EC92-465E-9CAE-86278121675A}.Debug|Any CPU.ActiveCfg = Debug|Any CPU
		{D527524F-EC92-465E-9CAE-86278121675A}.Debug|Any CPU.Build.0 = Debug|Any CPU
		{D527524F-EC92-465E-9CAE-86278121675A}.Debug|ARM.ActiveCfg = Debug|Any CPU
		{D527524F-EC92-465E-9CAE-86278121675A}.Debug|x64.ActiveCfg = Debug|Any CPU
		{D527524F-EC92-465E-9CAE-86278121675A}.Debug|x86.ActiveCfg = Debug|Any CPU
		{D527524F-EC92-465E-9CAE-86278121675A}.DebugMono|Any CPU.ActiveCfg = DebugMono|Any CPU
		{D527524F-EC92-465E-9CAE-86278121675A}.DebugMono|Any CPU.Build.0 = DebugMono|Any CPU
		{D527524F-EC92-465E-9CAE-86278121675A}.DebugMono|ARM.ActiveCfg = DebugMono|Any CPU
		{D527524F-EC92-465E-9CAE-86278121675A}.DebugMono|ARM.Build.0 = DebugMono|Any CPU
		{D527524F-EC92-465E-9CAE-86278121675A}.DebugMono|x64.ActiveCfg = DebugMono|Any CPU
		{D527524F-EC92-465E-9CAE-86278121675A}.DebugMono|x64.Build.0 = DebugMono|Any CPU
		{D527524F-EC92-465E-9CAE-86278121675A}.DebugMono|x86.ActiveCfg = DebugMono|Any CPU
		{D527524F-EC92-465E-9CAE-86278121675A}.DebugMono|x86.Build.0 = DebugMono|Any CPU
		{D527524F-EC92-465E-9CAE-86278121675A}.Release|Any CPU.ActiveCfg = Release|Any CPU
		{D527524F-EC92-465E-9CAE-86278121675A}.Release|Any CPU.Build.0 = Release|Any CPU
		{D527524F-EC92-465E-9CAE-86278121675A}.Release|ARM.ActiveCfg = Release|Any CPU
		{D527524F-EC92-465E-9CAE-86278121675A}.Release|x64.ActiveCfg = Release|Any CPU
		{D527524F-EC92-465E-9CAE-86278121675A}.Release|x86.ActiveCfg = Release|Any CPU
		{D527524F-EC92-465E-9CAE-86278121675A}.ReleaseMono|Any CPU.ActiveCfg = ReleaseMono|Any CPU
		{D527524F-EC92-465E-9CAE-86278121675A}.ReleaseMono|Any CPU.Build.0 = ReleaseMono|Any CPU
		{D527524F-EC92-465E-9CAE-86278121675A}.ReleaseMono|ARM.ActiveCfg = ReleaseMono|Any CPU
		{D527524F-EC92-465E-9CAE-86278121675A}.ReleaseMono|ARM.Build.0 = ReleaseMono|Any CPU
		{D527524F-EC92-465E-9CAE-86278121675A}.ReleaseMono|x64.ActiveCfg = ReleaseMono|Any CPU
		{D527524F-EC92-465E-9CAE-86278121675A}.ReleaseMono|x64.Build.0 = ReleaseMono|Any CPU
		{D527524F-EC92-465E-9CAE-86278121675A}.ReleaseMono|x86.ActiveCfg = ReleaseMono|Any CPU
		{D527524F-EC92-465E-9CAE-86278121675A}.ReleaseMono|x86.Build.0 = ReleaseMono|Any CPU
		{07997A18-86D3-47AC-A514-AB1B03E6AEC8}.Debug FW 3.5|Any CPU.ActiveCfg = Debug FW 3.5|Any CPU
		{07997A18-86D3-47AC-A514-AB1B03E6AEC8}.Debug FW 3.5|Any CPU.Build.0 = Debug FW 3.5|Any CPU
		{07997A18-86D3-47AC-A514-AB1B03E6AEC8}.Debug FW 3.5|ARM.ActiveCfg = Debug FW 3.5|Any CPU
		{07997A18-86D3-47AC-A514-AB1B03E6AEC8}.Debug FW 3.5|ARM.Build.0 = Debug FW 3.5|Any CPU
		{07997A18-86D3-47AC-A514-AB1B03E6AEC8}.Debug FW 3.5|x64.ActiveCfg = Debug FW 3.5|Any CPU
		{07997A18-86D3-47AC-A514-AB1B03E6AEC8}.Debug FW 3.5|x64.Build.0 = Debug FW 3.5|Any CPU
		{07997A18-86D3-47AC-A514-AB1B03E6AEC8}.Debug FW 3.5|x86.ActiveCfg = Debug FW 3.5|Any CPU
		{07997A18-86D3-47AC-A514-AB1B03E6AEC8}.Debug FW 3.5|x86.Build.0 = Debug FW 3.5|Any CPU
		{07997A18-86D3-47AC-A514-AB1B03E6AEC8}.Debug|Any CPU.ActiveCfg = Debug|Any CPU
		{07997A18-86D3-47AC-A514-AB1B03E6AEC8}.Debug|Any CPU.Build.0 = Debug|Any CPU
		{07997A18-86D3-47AC-A514-AB1B03E6AEC8}.Debug|ARM.ActiveCfg = Debug|Any CPU
		{07997A18-86D3-47AC-A514-AB1B03E6AEC8}.Debug|ARM.Build.0 = Debug|Any CPU
		{07997A18-86D3-47AC-A514-AB1B03E6AEC8}.Debug|x64.ActiveCfg = Debug|Any CPU
		{07997A18-86D3-47AC-A514-AB1B03E6AEC8}.Debug|x64.Build.0 = Debug|Any CPU
		{07997A18-86D3-47AC-A514-AB1B03E6AEC8}.Debug|x86.ActiveCfg = Debug|Any CPU
		{07997A18-86D3-47AC-A514-AB1B03E6AEC8}.Debug|x86.Build.0 = Debug|Any CPU
		{07997A18-86D3-47AC-A514-AB1B03E6AEC8}.DebugMono|Any CPU.ActiveCfg = DebugMono|Any CPU
		{07997A18-86D3-47AC-A514-AB1B03E6AEC8}.DebugMono|Any CPU.Build.0 = DebugMono|Any CPU
		{07997A18-86D3-47AC-A514-AB1B03E6AEC8}.DebugMono|ARM.ActiveCfg = DebugMono|Any CPU
		{07997A18-86D3-47AC-A514-AB1B03E6AEC8}.DebugMono|ARM.Build.0 = DebugMono|Any CPU
		{07997A18-86D3-47AC-A514-AB1B03E6AEC8}.DebugMono|x64.ActiveCfg = DebugMono|Any CPU
		{07997A18-86D3-47AC-A514-AB1B03E6AEC8}.DebugMono|x64.Build.0 = DebugMono|Any CPU
		{07997A18-86D3-47AC-A514-AB1B03E6AEC8}.DebugMono|x86.ActiveCfg = DebugMono|Any CPU
		{07997A18-86D3-47AC-A514-AB1B03E6AEC8}.DebugMono|x86.Build.0 = DebugMono|Any CPU
		{07997A18-86D3-47AC-A514-AB1B03E6AEC8}.Release|Any CPU.ActiveCfg = Release|Any CPU
		{07997A18-86D3-47AC-A514-AB1B03E6AEC8}.Release|Any CPU.Build.0 = Release|Any CPU
		{07997A18-86D3-47AC-A514-AB1B03E6AEC8}.Release|ARM.ActiveCfg = Release|Any CPU
		{07997A18-86D3-47AC-A514-AB1B03E6AEC8}.Release|ARM.Build.0 = Release|Any CPU
		{07997A18-86D3-47AC-A514-AB1B03E6AEC8}.Release|x64.ActiveCfg = Release|Any CPU
		{07997A18-86D3-47AC-A514-AB1B03E6AEC8}.Release|x64.Build.0 = Release|Any CPU
		{07997A18-86D3-47AC-A514-AB1B03E6AEC8}.Release|x86.ActiveCfg = Release|Any CPU
		{07997A18-86D3-47AC-A514-AB1B03E6AEC8}.Release|x86.Build.0 = Release|Any CPU
		{07997A18-86D3-47AC-A514-AB1B03E6AEC8}.ReleaseMono|Any CPU.ActiveCfg = ReleaseMono|Any CPU
		{07997A18-86D3-47AC-A514-AB1B03E6AEC8}.ReleaseMono|Any CPU.Build.0 = ReleaseMono|Any CPU
		{07997A18-86D3-47AC-A514-AB1B03E6AEC8}.ReleaseMono|ARM.ActiveCfg = ReleaseMono|Any CPU
		{07997A18-86D3-47AC-A514-AB1B03E6AEC8}.ReleaseMono|ARM.Build.0 = ReleaseMono|Any CPU
		{07997A18-86D3-47AC-A514-AB1B03E6AEC8}.ReleaseMono|x64.ActiveCfg = ReleaseMono|Any CPU
		{07997A18-86D3-47AC-A514-AB1B03E6AEC8}.ReleaseMono|x64.Build.0 = ReleaseMono|Any CPU
		{07997A18-86D3-47AC-A514-AB1B03E6AEC8}.ReleaseMono|x86.ActiveCfg = ReleaseMono|Any CPU
		{07997A18-86D3-47AC-A514-AB1B03E6AEC8}.ReleaseMono|x86.Build.0 = ReleaseMono|Any CPU
		{DBD530B2-745E-43DC-9821-A266BD7DD22A}.Debug FW 3.5|Any CPU.ActiveCfg = Debug|Any CPU
		{DBD530B2-745E-43DC-9821-A266BD7DD22A}.Debug FW 3.5|Any CPU.Build.0 = Debug|Any CPU
		{DBD530B2-745E-43DC-9821-A266BD7DD22A}.Debug FW 3.5|ARM.ActiveCfg = Debug|Any CPU
		{DBD530B2-745E-43DC-9821-A266BD7DD22A}.Debug FW 3.5|ARM.Build.0 = Debug|Any CPU
		{DBD530B2-745E-43DC-9821-A266BD7DD22A}.Debug FW 3.5|x64.ActiveCfg = Debug|Any CPU
		{DBD530B2-745E-43DC-9821-A266BD7DD22A}.Debug FW 3.5|x64.Build.0 = Debug|Any CPU
		{DBD530B2-745E-43DC-9821-A266BD7DD22A}.Debug FW 3.5|x86.ActiveCfg = Debug|Any CPU
		{DBD530B2-745E-43DC-9821-A266BD7DD22A}.Debug FW 3.5|x86.Build.0 = Debug|Any CPU
		{DBD530B2-745E-43DC-9821-A266BD7DD22A}.Debug|Any CPU.ActiveCfg = Debug|Any CPU
		{DBD530B2-745E-43DC-9821-A266BD7DD22A}.Debug|Any CPU.Build.0 = Debug|Any CPU
		{DBD530B2-745E-43DC-9821-A266BD7DD22A}.Debug|ARM.ActiveCfg = Debug|Any CPU
		{DBD530B2-745E-43DC-9821-A266BD7DD22A}.Debug|ARM.Build.0 = Debug|Any CPU
		{DBD530B2-745E-43DC-9821-A266BD7DD22A}.Debug|x64.ActiveCfg = Debug|Any CPU
		{DBD530B2-745E-43DC-9821-A266BD7DD22A}.Debug|x64.Build.0 = Debug|Any CPU
		{DBD530B2-745E-43DC-9821-A266BD7DD22A}.Debug|x86.ActiveCfg = Debug|Any CPU
		{DBD530B2-745E-43DC-9821-A266BD7DD22A}.Debug|x86.Build.0 = Debug|Any CPU
		{DBD530B2-745E-43DC-9821-A266BD7DD22A}.DebugMono|Any CPU.ActiveCfg = Debug|Any CPU
		{DBD530B2-745E-43DC-9821-A266BD7DD22A}.DebugMono|Any CPU.Build.0 = Debug|Any CPU
		{DBD530B2-745E-43DC-9821-A266BD7DD22A}.DebugMono|ARM.ActiveCfg = Debug|Any CPU
		{DBD530B2-745E-43DC-9821-A266BD7DD22A}.DebugMono|ARM.Build.0 = Debug|Any CPU
		{DBD530B2-745E-43DC-9821-A266BD7DD22A}.DebugMono|x64.ActiveCfg = Debug|Any CPU
		{DBD530B2-745E-43DC-9821-A266BD7DD22A}.DebugMono|x64.Build.0 = Debug|Any CPU
		{DBD530B2-745E-43DC-9821-A266BD7DD22A}.DebugMono|x86.ActiveCfg = Debug|Any CPU
		{DBD530B2-745E-43DC-9821-A266BD7DD22A}.DebugMono|x86.Build.0 = Debug|Any CPU
		{DBD530B2-745E-43DC-9821-A266BD7DD22A}.Release|Any CPU.ActiveCfg = Release|Any CPU
		{DBD530B2-745E-43DC-9821-A266BD7DD22A}.Release|Any CPU.Build.0 = Release|Any CPU
		{DBD530B2-745E-43DC-9821-A266BD7DD22A}.Release|ARM.ActiveCfg = Release|Any CPU
		{DBD530B2-745E-43DC-9821-A266BD7DD22A}.Release|ARM.Build.0 = Release|Any CPU
		{DBD530B2-745E-43DC-9821-A266BD7DD22A}.Release|x64.ActiveCfg = Release|Any CPU
		{DBD530B2-745E-43DC-9821-A266BD7DD22A}.Release|x64.Build.0 = Release|Any CPU
		{DBD530B2-745E-43DC-9821-A266BD7DD22A}.Release|x86.ActiveCfg = Release|Any CPU
		{DBD530B2-745E-43DC-9821-A266BD7DD22A}.Release|x86.Build.0 = Release|Any CPU
		{DBD530B2-745E-43DC-9821-A266BD7DD22A}.ReleaseMono|Any CPU.ActiveCfg = Release|Any CPU
		{DBD530B2-745E-43DC-9821-A266BD7DD22A}.ReleaseMono|Any CPU.Build.0 = Release|Any CPU
		{DBD530B2-745E-43DC-9821-A266BD7DD22A}.ReleaseMono|ARM.ActiveCfg = Release|Any CPU
		{DBD530B2-745E-43DC-9821-A266BD7DD22A}.ReleaseMono|ARM.Build.0 = Release|Any CPU
		{DBD530B2-745E-43DC-9821-A266BD7DD22A}.ReleaseMono|x64.ActiveCfg = Release|Any CPU
		{DBD530B2-745E-43DC-9821-A266BD7DD22A}.ReleaseMono|x64.Build.0 = Release|Any CPU
		{DBD530B2-745E-43DC-9821-A266BD7DD22A}.ReleaseMono|x86.ActiveCfg = Release|Any CPU
		{DBD530B2-745E-43DC-9821-A266BD7DD22A}.ReleaseMono|x86.Build.0 = Release|Any CPU
	EndGlobalSection
	GlobalSection(SolutionProperties) = preSolution
		HideSolutionNode = FALSE
	EndGlobalSection
	GlobalSection(NestedProjects) = preSolution
		{D527524F-EC92-465E-9CAE-86278121675A} = {B4CC1DAB-FF2D-4247-9A46-B7DE236981BB}
		{07997A18-86D3-47AC-A514-AB1B03E6AEC8} = {B4CC1DAB-FF2D-4247-9A46-B7DE236981BB}
		{DBD530B2-745E-43DC-9821-A266BD7DD22A} = {B4CC1DAB-FF2D-4247-9A46-B7DE236981BB}
	EndGlobalSection
EndGlobal
