
Microsoft Visual Studio Solution File, Format Version 12.00
# Visual Studio 15
VisualStudioVersion = 15.0.26430.6
MinimumVisualStudioVersion = 10.0.40219.1
Project("{2150E333-8FDC-42A3-9474-1A3956D46DE8}") = "Templates", "Templates", "{2E57C99E-2603-4D59-9094-A5BB06639C10}"
	ProjectSection(SolutionItems) = preProject
		Templates\DataAnnotations.ttinclude = Templates\DataAnnotations.ttinclude
		Templates\DataModel.ttinclude = Templates\DataModel.ttinclude
		Templates\EditableObject.ttinclude = Templates\EditableObject.ttinclude
		Templates\LinqToDB.Access.ttinclude = Templates\LinqToDB.Access.ttinclude
		Templates\LinqToDB.DB2.ttinclude = Templates\LinqToDB.DB2.ttinclude
		Templates\LinqToDB.Firebird.ttinclude = Templates\LinqToDB.Firebird.ttinclude
		Templates\LinqToDB.Informix.ttinclude = Templates\LinqToDB.Informix.ttinclude
		Templates\LinqToDB.MySql.ttinclude = Templates\LinqToDB.MySql.ttinclude
		Templates\LinqToDB.Oracle.ttinclude = Templates\LinqToDB.Oracle.ttinclude
		Templates\LinqToDB.PostgreSQL.ttinclude = Templates\LinqToDB.PostgreSQL.ttinclude
		Templates\LinqToDB.SapHana.ttinclude = Templates\LinqToDB.SapHana.ttinclude
		Templates\LinqToDB.SqlCe.ttinclude = Templates\LinqToDB.SqlCe.ttinclude
		Templates\LinqToDB.SQLite.ttinclude = Templates\LinqToDB.SQLite.ttinclude
		Templates\LinqToDB.SqlServer.SqlTypes.ttinclude = Templates\LinqToDB.SqlServer.SqlTypes.ttinclude
		Templates\LinqToDB.SqlServer.ttinclude = Templates\LinqToDB.SqlServer.ttinclude
		Templates\LinqToDB.Sybase.ttinclude = Templates\LinqToDB.Sybase.ttinclude
		Templates\LinqToDB.ttinclude = Templates\LinqToDB.ttinclude
		Templates\NotifyPropertyChanged.ttinclude = Templates\NotifyPropertyChanged.ttinclude
		Templates\ObsoleteAttributes.ttinclude = Templates\ObsoleteAttributes.ttinclude
		Templates\PluralizationService.ttinclude = Templates\PluralizationService.ttinclude
		Templates\T4Model.ttinclude = Templates\T4Model.ttinclude
		Templates\Validation.ttinclude = Templates\Validation.ttinclude
	EndProjectSection
EndProject
Project("{2150E333-8FDC-42A3-9474-1A3956D46DE8}") = "NuGet", "NuGet", "{2AA0D9F0-79B3-44DE-8F39-030D855077DE}"
	ProjectSection(SolutionItems) = preProject
		NuGet\CopyMe.Access.tt.txt = NuGet\CopyMe.Access.tt.txt
		NuGet\CopyMe.DB2.tt.txt = NuGet\CopyMe.DB2.tt.txt
		NuGet\CopyMe.Firebird.Core.tt.txt = NuGet\CopyMe.Firebird.Core.tt.txt
		NuGet\CopyMe.Firebird.tt.txt = NuGet\CopyMe.Firebird.tt.txt
		NuGet\CopyMe.Informix.tt.txt = NuGet\CopyMe.Informix.tt.txt
		NuGet\CopyMe.MySql.Core.tt.txt = NuGet\CopyMe.MySql.Core.tt.txt
		NuGet\CopyMe.MySql.tt.txt = NuGet\CopyMe.MySql.tt.txt
		NuGet\CopyMe.Oracle.Managed.tt.txt = NuGet\CopyMe.Oracle.Managed.tt.txt
		NuGet\CopyMe.Oracle.x64.tt.txt = NuGet\CopyMe.Oracle.x64.tt.txt
		NuGet\CopyMe.Oracle.x86.tt.txt = NuGet\CopyMe.Oracle.x86.tt.txt
		NuGet\CopyMe.PostgreSQL.Core.tt.txt = NuGet\CopyMe.PostgreSQL.Core.tt.txt
		NuGet\CopyMe.PostgreSQL.tt.txt = NuGet\CopyMe.PostgreSQL.tt.txt
		NuGet\CopyMe.SapHana.tt.txt = NuGet\CopyMe.SapHana.tt.txt
		NuGet\CopyMe.SqlCe.tt.txt = NuGet\CopyMe.SqlCe.tt.txt
		NuGet\CopyMe.SQLite.Core.tt.txt = NuGet\CopyMe.SQLite.Core.tt.txt
		NuGet\CopyMe.SQLite.tt.txt = NuGet\CopyMe.SQLite.tt.txt
		NuGet\CopyMe.SqlServer.Core.tt.txt = NuGet\CopyMe.SqlServer.Core.tt.txt
		NuGet\CopyMe.SqlServer.tt.txt = NuGet\CopyMe.SqlServer.tt.txt
		NuGet\CopyMe.Sybase.tt.txt = NuGet\CopyMe.Sybase.tt.txt
		NuGet\CopyMe.tt.txt = NuGet\CopyMe.tt.txt
		NuGet\Init.ps1 = NuGet\Init.ps1
		NuGet\install.ps1 = NuGet\install.ps1
		NuGet\linq2db.Access.nuspec = NuGet\linq2db.Access.nuspec
		NuGet\linq2db.DB2.nuspec = NuGet\linq2db.DB2.nuspec
		NuGet\linq2db.Firebird.nuspec = NuGet\linq2db.Firebird.nuspec
		NuGet\linq2db.Informix.nuspec = NuGet\linq2db.Informix.nuspec
		NuGet\linq2db.MySql.nuspec = NuGet\linq2db.MySql.nuspec
		NuGet\linq2db.Oracle.Managed.nuspec = NuGet\linq2db.Oracle.Managed.nuspec
		NuGet\linq2db.Oracle.x64.nuspec = NuGet\linq2db.Oracle.x64.nuspec
		NuGet\linq2db.Oracle.x86.nuspec = NuGet\linq2db.Oracle.x86.nuspec
		NuGet\linq2db.PostgreSQL.nuspec = NuGet\linq2db.PostgreSQL.nuspec
		NuGet\linq2db.SapHana.nuspec = NuGet\linq2db.SapHana.nuspec
		NuGet\linq2db.SqlCe.nuspec = NuGet\linq2db.SqlCe.nuspec
		NuGet\linq2db.SQLite.nuspec = NuGet\linq2db.SQLite.nuspec
		NuGet\linq2db.SqlServer.nuspec = NuGet\linq2db.SqlServer.nuspec
		NuGet\linq2db.Sybase.nuspec = NuGet\linq2db.Sybase.nuspec
		NuGet\linq2db.t4models.nuspec = NuGet\linq2db.t4models.nuspec
		NuGet\Pack.bat = NuGet\Pack.bat
		NuGet\Push.bat = NuGet\Push.bat
	EndProjectSection
EndProject
Project("{FAE04EC0-301F-11D3-BF4B-00C04F79EFBC}") = "T4Model.LinqToDB", "Tests\LinqToDB\T4Model.LinqToDB.csproj", "{0C559939-7E45-4696-B293-F2943604D01D}"
EndProject
Project("{FAE04EC0-301F-11D3-BF4B-00C04F79EFBC}") = "T4Model.Silverlight.Web", "Tests\Silverlight.Web\T4Model.Silverlight.Web.csproj", "{D0F21871-382F-49C2-A298-3FE33B2D612C}"
EndProject
Project("{FAE04EC0-301F-11D3-BF4B-00C04F79EFBC}") = "T4Model.Tests", "Tests\Tests\T4Model.Tests.csproj", "{61B2E318-9756-468D-B43A-6A96C4BC8D52}"
EndProject
Project("{FAE04EC0-301F-11D3-BF4B-00C04F79EFBC}") = "T4Model.Wpf", "Tests\Wpf\T4Model.Wpf.csproj", "{12928697-5E5E-4935-B024-7DE232015EF7}"
EndProject
Project("{FAE04EC0-301F-11D3-BF4B-00C04F79EFBC}") = "ToolsGenerator", "ToolsGenerator\ToolsGenerator.csproj", "{F2AD4C5B-56A3-4CFF-AC97-A4D1D9B424B7}"
EndProject
Project("{2150E333-8FDC-42A3-9474-1A3956D46DE8}") = "Solution Items", "Solution Items", "{DECC80B7-6CC6-4BF6-A365-1220B37D5396}"
	ProjectSection(SolutionItems) = preProject
		appveyor.yml = appveyor.yml
		NuGet\PackAV.bat = NuGet\PackAV.bat
		README.md = README.md
	EndProjectSection
EndProject
Global
	GlobalSection(SolutionConfigurationPlatforms) = preSolution
		Debug|Any CPU = Debug|Any CPU
		Debug|Mixed Platforms = Debug|Mixed Platforms
		Debug|x86 = Debug|x86
		Release|Any CPU = Release|Any CPU
		Release|Mixed Platforms = Release|Mixed Platforms
		Release|x86 = Release|x86
	EndGlobalSection
	GlobalSection(ProjectConfigurationPlatforms) = postSolution
		{0C559939-7E45-4696-B293-F2943604D01D}.Debug|Any CPU.ActiveCfg = Debug|Any CPU
		{0C559939-7E45-4696-B293-F2943604D01D}.Debug|Any CPU.Build.0 = Debug|Any CPU
		{0C559939-7E45-4696-B293-F2943604D01D}.Debug|Mixed Platforms.ActiveCfg = Debug|Any CPU
		{0C559939-7E45-4696-B293-F2943604D01D}.Debug|Mixed Platforms.Build.0 = Debug|Any CPU
		{0C559939-7E45-4696-B293-F2943604D01D}.Debug|x86.ActiveCfg = Debug|Any CPU
		{0C559939-7E45-4696-B293-F2943604D01D}.Release|Any CPU.ActiveCfg = Release|Any CPU
		{0C559939-7E45-4696-B293-F2943604D01D}.Release|Any CPU.Build.0 = Release|Any CPU
		{0C559939-7E45-4696-B293-F2943604D01D}.Release|Mixed Platforms.ActiveCfg = Release|Any CPU
		{0C559939-7E45-4696-B293-F2943604D01D}.Release|Mixed Platforms.Build.0 = Release|Any CPU
		{0C559939-7E45-4696-B293-F2943604D01D}.Release|x86.ActiveCfg = Release|Any CPU
		{D0F21871-382F-49C2-A298-3FE33B2D612C}.Debug|Any CPU.ActiveCfg = Debug|Any CPU
		{D0F21871-382F-49C2-A298-3FE33B2D612C}.Debug|Any CPU.Build.0 = Debug|Any CPU
		{D0F21871-382F-49C2-A298-3FE33B2D612C}.Debug|Mixed Platforms.ActiveCfg = Debug|Any CPU
		{D0F21871-382F-49C2-A298-3FE33B2D612C}.Debug|Mixed Platforms.Build.0 = Debug|Any CPU
		{D0F21871-382F-49C2-A298-3FE33B2D612C}.Debug|x86.ActiveCfg = Debug|Any CPU
		{D0F21871-382F-49C2-A298-3FE33B2D612C}.Release|Any CPU.ActiveCfg = Release|Any CPU
		{D0F21871-382F-49C2-A298-3FE33B2D612C}.Release|Any CPU.Build.0 = Release|Any CPU
		{D0F21871-382F-49C2-A298-3FE33B2D612C}.Release|Mixed Platforms.ActiveCfg = Release|Any CPU
		{D0F21871-382F-49C2-A298-3FE33B2D612C}.Release|Mixed Platforms.Build.0 = Release|Any CPU
		{D0F21871-382F-49C2-A298-3FE33B2D612C}.Release|x86.ActiveCfg = Release|Any CPU
		{61B2E318-9756-468D-B43A-6A96C4BC8D52}.Debug|Any CPU.ActiveCfg = Debug|Any CPU
		{61B2E318-9756-468D-B43A-6A96C4BC8D52}.Debug|Any CPU.Build.0 = Debug|Any CPU
		{61B2E318-9756-468D-B43A-6A96C4BC8D52}.Debug|Mixed Platforms.ActiveCfg = Debug|Any CPU
		{61B2E318-9756-468D-B43A-6A96C4BC8D52}.Debug|Mixed Platforms.Build.0 = Debug|Any CPU
		{61B2E318-9756-468D-B43A-6A96C4BC8D52}.Debug|x86.ActiveCfg = Debug|Any CPU
		{61B2E318-9756-468D-B43A-6A96C4BC8D52}.Release|Any CPU.ActiveCfg = Release|Any CPU
		{61B2E318-9756-468D-B43A-6A96C4BC8D52}.Release|Any CPU.Build.0 = Release|Any CPU
		{61B2E318-9756-468D-B43A-6A96C4BC8D52}.Release|Mixed Platforms.ActiveCfg = Release|Any CPU
		{61B2E318-9756-468D-B43A-6A96C4BC8D52}.Release|Mixed Platforms.Build.0 = Release|Any CPU
		{61B2E318-9756-468D-B43A-6A96C4BC8D52}.Release|x86.ActiveCfg = Release|Any CPU
		{12928697-5E5E-4935-B024-7DE232015EF7}.Debug|Any CPU.ActiveCfg = Debug|x86
		{12928697-5E5E-4935-B024-7DE232015EF7}.Debug|Mixed Platforms.ActiveCfg = Debug|x86
		{12928697-5E5E-4935-B024-7DE232015EF7}.Debug|Mixed Platforms.Build.0 = Debug|x86
		{12928697-5E5E-4935-B024-7DE232015EF7}.Debug|x86.ActiveCfg = Debug|x86
		{12928697-5E5E-4935-B024-7DE232015EF7}.Debug|x86.Build.0 = Debug|x86
		{12928697-5E5E-4935-B024-7DE232015EF7}.Release|Any CPU.ActiveCfg = Release|x86
		{12928697-5E5E-4935-B024-7DE232015EF7}.Release|Mixed Platforms.ActiveCfg = Release|x86
		{12928697-5E5E-4935-B024-7DE232015EF7}.Release|Mixed Platforms.Build.0 = Release|x86
		{12928697-5E5E-4935-B024-7DE232015EF7}.Release|x86.ActiveCfg = Release|x86
		{12928697-5E5E-4935-B024-7DE232015EF7}.Release|x86.Build.0 = Release|x86
		{F2AD4C5B-56A3-4CFF-AC97-A4D1D9B424B7}.Debug|Any CPU.ActiveCfg = Debug|Any CPU
		{F2AD4C5B-56A3-4CFF-AC97-A4D1D9B424B7}.Debug|Any CPU.Build.0 = Debug|Any CPU
		{F2AD4C5B-56A3-4CFF-AC97-A4D1D9B424B7}.Debug|Mixed Platforms.ActiveCfg = Debug|Any CPU
		{F2AD4C5B-56A3-4CFF-AC97-A4D1D9B424B7}.Debug|Mixed Platforms.Build.0 = Debug|Any CPU
		{F2AD4C5B-56A3-4CFF-AC97-A4D1D9B424B7}.Debug|x86.ActiveCfg = Debug|Any CPU
		{F2AD4C5B-56A3-4CFF-AC97-A4D1D9B424B7}.Release|Any CPU.ActiveCfg = Release|Any CPU
		{F2AD4C5B-56A3-4CFF-AC97-A4D1D9B424B7}.Release|Any CPU.Build.0 = Release|Any CPU
		{F2AD4C5B-56A3-4CFF-AC97-A4D1D9B424B7}.Release|Mixed Platforms.ActiveCfg = Release|Any CPU
		{F2AD4C5B-56A3-4CFF-AC97-A4D1D9B424B7}.Release|Mixed Platforms.Build.0 = Release|Any CPU
		{F2AD4C5B-56A3-4CFF-AC97-A4D1D9B424B7}.Release|x86.ActiveCfg = Release|Any CPU
	EndGlobalSection
	GlobalSection(SolutionProperties) = preSolution
		HideSolutionNode = FALSE
	EndGlobalSection
EndGlobal
