
Microsoft Visual Studio Solution File, Format Version 12.00
# Visual Studio Version 17
VisualStudioVersion = 17.1.32113.165
MinimumVisualStudioVersion = 10.0.40219.1
Project("{2150E333-8FDC-42A3-9474-1A3956D46DE8}") = "Remote", "Remote", "{F822FC9B-E896-42CB-A2AA-D25BB049899F}"
EndProject
Project("{2150E333-8FDC-42A3-9474-1A3956D46DE8}") = "Grpc", "Grpc", "{ADA6AB80-DE49-48E5-AF00-7AABE71F6679}"
	ProjectSection(SolutionItems) = preProject
		Remote\Grpc\README.md = Remote\Grpc\README.md
	EndProjectSection
EndProject
Project("{2150E333-8FDC-42A3-9474-1A3956D46DE8}") = "Wcf", "Wcf", "{1825BB74-2649-4413-9500-B0E2DB6D7EA3}"
	ProjectSection(SolutionItems) = preProject
		Remote\Wcf\README.md = Remote\Wcf\README.md
	EndProjectSection
EndProject
Project("{9A19103F-16F7-4668-BE54-9A1E7A4F7556}") = "GrpcClient", "Remote\Grpc\GrpcClient\GrpcClient.csproj", "{D0274057-7196-4C66-9D54-D6F1FFC6F11B}"
EndProject
Project("{9A19103F-16F7-4668-BE54-9A1E7A4F7556}") = "GrpcServer", "Remote\Grpc\GrpcServer\GrpcServer.csproj", "{8D06EAAE-23F0-44C5-8A2C-8DDD68173BB9}"
EndProject
Project("{9A19103F-16F7-4668-BE54-9A1E7A4F7556}") = "WcfClient", "Remote\Wcf\WcfClient\WcfClient.csproj", "{27C50F33-400B-414D-BDF6-B8E1F43A5CC6}"
EndProject
Project("{9A19103F-16F7-4668-BE54-9A1E7A4F7556}") = "WcfHost", "Remote\Wcf\WcfHost\WcfHost.csproj", "{F6BF5912-40EA-4EA0-BEAA-5FCC5BCEDE8F}"
EndProject
Project("{2150E333-8FDC-42A3-9474-1A3956D46DE8}") = ".root", ".root", "{64E5C3A3-6945-4422-91EC-0821E4D76D19}"
	ProjectSection(SolutionItems) = preProject
		.editorconfig = .editorconfig
		Compile.cmd = Compile.cmd
		Directory.Build.props = Directory.Build.props
		..\Directory.Packages.props = ..\Directory.Packages.props
	EndProjectSection
EndProject
Project("{2150E333-8FDC-42A3-9474-1A3956D46DE8}") = "Source", "Source", "{03B313B1-C785-4FC9-A3C7-DE58295B7D20}"
EndProject
Project("{9A19103F-16F7-4668-BE54-9A1E7A4F7556}") = "LinqToDB", "..\Source\LinqToDB\LinqToDB.csproj", "{875876C6-D790-4BA7-893C-5181977864A2}"
EndProject
Project("{9A19103F-16F7-4668-BE54-9A1E7A4F7556}") = "LinqToDB.Remote.Grpc", "..\Source\LinqToDB.Remote.Grpc\LinqToDB.Remote.Grpc.csproj", "{FAD195CA-B6D8-4F15-B629-0BECA0245623}"
EndProject
Project("{9A19103F-16F7-4668-BE54-9A1E7A4F7556}") = "LinqToDB.Remote.Wcf", "..\Source\LinqToDB.Remote.Wcf\LinqToDB.Remote.Wcf.csproj", "{4899DD08-E70C-4EAF-84F4-44D6EA80C567}"
EndProject
Project("{2150E333-8FDC-42A3-9474-1A3956D46DE8}") = "Mapping", "Mapping", "{39BBD7D1-A352-42EA-9D64-75389CD01679}"
EndProject
Project("{9A19103F-16F7-4668-BE54-9A1E7A4F7556}") = "UtcDateTime", "Mapping\UtcDateTime\UtcDateTime.csproj", "{4AFDCBC9-29DF-459C-A470-94BCDBFD702F}"
EndProject
Project("{2150E333-8FDC-42A3-9474-1A3956D46DE8}") = "Metrics", "Metrics", "{F97CFE3B-CAF6-468C-8ECB-BEBAF7738D28}"
	ProjectSection(SolutionItems) = preProject
		Metrics\README.md = Metrics\README.md
	EndProjectSection
EndProject
Project("{9A19103F-16F7-4668-BE54-9A1E7A4F7556}") = "Tools", "Metrics\Tools\Tools.csproj", "{8E19CD88-696F-42F0-8DAF-69D4FE502758}"
EndProject
Project("{9A19103F-16F7-4668-BE54-9A1E7A4F7556}") = "LinqToDB.Tools", "..\Source\LinqToDB.Tools\LinqToDB.Tools.csproj", "{DC97914F-B88A-49B6-BCA9-2320704F1467}"
EndProject
Project("{9A19103F-16F7-4668-BE54-9A1E7A4F7556}") = "OpenTelemetryExample", "Metrics\OpenTelemetry\OpenTelemetryExample.csproj", "{067C3148-8524-4A43-A0CF-A5FE7BF68490}"
EndProject
Global
	GlobalSection(SolutionConfigurationPlatforms) = preSolution
		Debug|Any CPU = Debug|Any CPU
		Release|Any CPU = Release|Any CPU
	EndGlobalSection
	GlobalSection(ProjectConfigurationPlatforms) = postSolution
		{D0274057-7196-4C66-9D54-D6F1FFC6F11B}.Debug|Any CPU.ActiveCfg = Debug|Any CPU
		{D0274057-7196-4C66-9D54-D6F1FFC6F11B}.Debug|Any CPU.Build.0 = Debug|Any CPU
		{D0274057-7196-4C66-9D54-D6F1FFC6F11B}.Release|Any CPU.ActiveCfg = Release|Any CPU
		{D0274057-7196-4C66-9D54-D6F1FFC6F11B}.Release|Any CPU.Build.0 = Release|Any CPU
		{8D06EAAE-23F0-44C5-8A2C-8DDD68173BB9}.Debug|Any CPU.ActiveCfg = Debug|Any CPU
		{8D06EAAE-23F0-44C5-8A2C-8DDD68173BB9}.Debug|Any CPU.Build.0 = Debug|Any CPU
		{8D06EAAE-23F0-44C5-8A2C-8DDD68173BB9}.Release|Any CPU.ActiveCfg = Release|Any CPU
		{8D06EAAE-23F0-44C5-8A2C-8DDD68173BB9}.Release|Any CPU.Build.0 = Release|Any CPU
		{27C50F33-400B-414D-BDF6-B8E1F43A5CC6}.Debug|Any CPU.ActiveCfg = Debug|Any CPU
		{27C50F33-400B-414D-BDF6-B8E1F43A5CC6}.Debug|Any CPU.Build.0 = Debug|Any CPU
		{27C50F33-400B-414D-BDF6-B8E1F43A5CC6}.Release|Any CPU.ActiveCfg = Release|Any CPU
		{27C50F33-400B-414D-BDF6-B8E1F43A5CC6}.Release|Any CPU.Build.0 = Release|Any CPU
		{F6BF5912-40EA-4EA0-BEAA-5FCC5BCEDE8F}.Debug|Any CPU.ActiveCfg = Debug|Any CPU
		{F6BF5912-40EA-4EA0-BEAA-5FCC5BCEDE8F}.Debug|Any CPU.Build.0 = Debug|Any CPU
		{F6BF5912-40EA-4EA0-BEAA-5FCC5BCEDE8F}.Release|Any CPU.ActiveCfg = Release|Any CPU
		{F6BF5912-40EA-4EA0-BEAA-5FCC5BCEDE8F}.Release|Any CPU.Build.0 = Release|Any CPU
		{875876C6-D790-4BA7-893C-5181977864A2}.Debug|Any CPU.ActiveCfg = Debug|Any CPU
		{875876C6-D790-4BA7-893C-5181977864A2}.Debug|Any CPU.Build.0 = Debug|Any CPU
		{875876C6-D790-4BA7-893C-5181977864A2}.Release|Any CPU.ActiveCfg = Release|Any CPU
		{875876C6-D790-4BA7-893C-5181977864A2}.Release|Any CPU.Build.0 = Release|Any CPU
		{FAD195CA-B6D8-4F15-B629-0BECA0245623}.Debug|Any CPU.ActiveCfg = Debug|Any CPU
		{FAD195CA-B6D8-4F15-B629-0BECA0245623}.Debug|Any CPU.Build.0 = Debug|Any CPU
		{FAD195CA-B6D8-4F15-B629-0BECA0245623}.Release|Any CPU.ActiveCfg = Release|Any CPU
		{FAD195CA-B6D8-4F15-B629-0BECA0245623}.Release|Any CPU.Build.0 = Release|Any CPU
		{4899DD08-E70C-4EAF-84F4-44D6EA80C567}.Debug|Any CPU.ActiveCfg = Debug|Any CPU
		{4899DD08-E70C-4EAF-84F4-44D6EA80C567}.Debug|Any CPU.Build.0 = Debug|Any CPU
		{4899DD08-E70C-4EAF-84F4-44D6EA80C567}.Release|Any CPU.ActiveCfg = Release|Any CPU
		{4899DD08-E70C-4EAF-84F4-44D6EA80C567}.Release|Any CPU.Build.0 = Release|Any CPU
		{4AFDCBC9-29DF-459C-A470-94BCDBFD702F}.Debug|Any CPU.ActiveCfg = Debug|Any CPU
		{4AFDCBC9-29DF-459C-A470-94BCDBFD702F}.Debug|Any CPU.Build.0 = Debug|Any CPU
		{4AFDCBC9-29DF-459C-A470-94BCDBFD702F}.Release|Any CPU.ActiveCfg = Release|Any CPU
		{4AFDCBC9-29DF-459C-A470-94BCDBFD702F}.Release|Any CPU.Build.0 = Release|Any CPU
		{8E19CD88-696F-42F0-8DAF-69D4FE502758}.Debug|Any CPU.ActiveCfg = Debug|Any CPU
		{8E19CD88-696F-42F0-8DAF-69D4FE502758}.Debug|Any CPU.Build.0 = Debug|Any CPU
		{8E19CD88-696F-42F0-8DAF-69D4FE502758}.Release|Any CPU.ActiveCfg = Release|Any CPU
		{8E19CD88-696F-42F0-8DAF-69D4FE502758}.Release|Any CPU.Build.0 = Release|Any CPU
		{DC97914F-B88A-49B6-BCA9-2320704F1467}.Debug|Any CPU.ActiveCfg = Debug|Any CPU
		{DC97914F-B88A-49B6-BCA9-2320704F1467}.Debug|Any CPU.Build.0 = Debug|Any CPU
		{DC97914F-B88A-49B6-BCA9-2320704F1467}.Release|Any CPU.ActiveCfg = Release|Any CPU
		{DC97914F-B88A-49B6-BCA9-2320704F1467}.Release|Any CPU.Build.0 = Release|Any CPU
		{067C3148-8524-4A43-A0CF-A5FE7BF68490}.Debug|Any CPU.ActiveCfg = Debug|Any CPU
		{067C3148-8524-4A43-A0CF-A5FE7BF68490}.Debug|Any CPU.Build.0 = Debug|Any CPU
		{067C3148-8524-4A43-A0CF-A5FE7BF68490}.Release|Any CPU.ActiveCfg = Release|Any CPU
		{067C3148-8524-4A43-A0CF-A5FE7BF68490}.Release|Any CPU.Build.0 = Release|Any CPU
	EndGlobalSection
	GlobalSection(SolutionProperties) = preSolution
		HideSolutionNode = FALSE
	EndGlobalSection
	GlobalSection(NestedProjects) = preSolution
		{ADA6AB80-DE49-48E5-AF00-7AABE71F6679} = {F822FC9B-E896-42CB-A2AA-D25BB049899F}
		{1825BB74-2649-4413-9500-B0E2DB6D7EA3} = {F822FC9B-E896-42CB-A2AA-D25BB049899F}
		{D0274057-7196-4C66-9D54-D6F1FFC6F11B} = {ADA6AB80-DE49-48E5-AF00-7AABE71F6679}
		{8D06EAAE-23F0-44C5-8A2C-8DDD68173BB9} = {ADA6AB80-DE49-48E5-AF00-7AABE71F6679}
		{27C50F33-400B-414D-BDF6-B8E1F43A5CC6} = {1825BB74-2649-4413-9500-B0E2DB6D7EA3}
		{F6BF5912-40EA-4EA0-BEAA-5FCC5BCEDE8F} = {1825BB74-2649-4413-9500-B0E2DB6D7EA3}
		{875876C6-D790-4BA7-893C-5181977864A2} = {03B313B1-C785-4FC9-A3C7-DE58295B7D20}
		{FAD195CA-B6D8-4F15-B629-0BECA0245623} = {03B313B1-C785-4FC9-A3C7-DE58295B7D20}
		{4899DD08-E70C-4EAF-84F4-44D6EA80C567} = {03B313B1-C785-4FC9-A3C7-DE58295B7D20}
		{4AFDCBC9-29DF-459C-A470-94BCDBFD702F} = {39BBD7D1-A352-42EA-9D64-75389CD01679}
		{8E19CD88-696F-42F0-8DAF-69D4FE502758} = {F97CFE3B-CAF6-468C-8ECB-BEBAF7738D28}
		{DC97914F-B88A-49B6-BCA9-2320704F1467} = {03B313B1-C785-4FC9-A3C7-DE58295B7D20}
		{067C3148-8524-4A43-A0CF-A5FE7BF68490} = {F97CFE3B-CAF6-468C-8ECB-BEBAF7738D28}
	EndGlobalSection
	GlobalSection(ExtensibilityGlobals) = postSolution
		SolutionGuid = {A26E409B-1097-4260-A7B2-9C8F09E0635D}
	EndGlobalSection
EndGlobal
