
Microsoft Visual Studio Solution File, Format Version 12.00
# Visual Studio Version 17
VisualStudioVersion = 17.1.32120.378
MinimumVisualStudioVersion = 10.0.40219.1
Project("{2150E333-8FDC-42A3-9474-1A3956D46DE8}") = "Solution Items", "Solution Items", "{36592C94-DA23-48A3-8084-514E8ABF32F7}"
	ProjectSection(SolutionItems) = preProject
		README.md = README.md
	EndProjectSection
EndProject
Project("{9A19103F-16F7-4668-BE54-9A1E7A4F7556}") = "Client", "Client\Client.csproj", "{87BCCF94-E214-46E4-A00B-ED2174587A14}"
EndProject
Project("{9A19103F-16F7-4668-BE54-9A1E7A4F7556}") = "Host", "Host\Host.csproj", "{B744A9A8-C3B3-4D00-AC38-49D600AD1664}"
EndProject
Project("{2150E333-8FDC-42A3-9474-1A3956D46DE8}") = "LinqToDb", "LinqToDb", "{D0662191-9127-4222-80E5-6001630509D7}"
EndProject
Project("{9A19103F-16F7-4668-BE54-9A1E7A4F7556}") = "LinqToDB", "..\..\..\Source\LinqToDB\LinqToDB.csproj", "{6FBEC1C8-3CFC-4E6F-A8B7-9A2B6E066DC0}"
EndProject
Project("{9A19103F-16F7-4668-BE54-9A1E7A4F7556}") = "LinqToDB.Remote.Wcf", "..\..\..\Source\LinqToDB.Remote.Wcf\LinqToDB.Remote.Wcf.csproj", "{67508B5D-E49B-43E3-8EAF-6A1BDCD69AF3}"
EndProject
Global
	GlobalSection(SolutionConfigurationPlatforms) = preSolution
		Debug|Any CPU = Debug|Any CPU
		Release|Any CPU = Release|Any CPU
	EndGlobalSection
	GlobalSection(ProjectConfigurationPlatforms) = postSolution
		{87BCCF94-E214-46E4-A00B-ED2174587A14}.Debug|Any CPU.ActiveCfg = Debug|Any CPU
		{87BCCF94-E214-46E4-A00B-ED2174587A14}.Debug|Any CPU.Build.0 = Debug|Any CPU
		{87BCCF94-E214-46E4-A00B-ED2174587A14}.Release|Any CPU.ActiveCfg = Release|Any CPU
		{87BCCF94-E214-46E4-A00B-ED2174587A14}.Release|Any CPU.Build.0 = Release|Any CPU
		{B744A9A8-C3B3-4D00-AC38-49D600AD1664}.Debug|Any CPU.ActiveCfg = Debug|Any CPU
		{B744A9A8-C3B3-4D00-AC38-49D600AD1664}.Debug|Any CPU.Build.0 = Debug|Any CPU
		{B744A9A8-C3B3-4D00-AC38-49D600AD1664}.Release|Any CPU.ActiveCfg = Release|Any CPU
		{B744A9A8-C3B3-4D00-AC38-49D600AD1664}.Release|Any CPU.Build.0 = Release|Any CPU
		{6FBEC1C8-3CFC-4E6F-A8B7-9A2B6E066DC0}.Debug|Any CPU.ActiveCfg = Debug|Any CPU
		{6FBEC1C8-3CFC-4E6F-A8B7-9A2B6E066DC0}.Debug|Any CPU.Build.0 = Debug|Any CPU
		{6FBEC1C8-3CFC-4E6F-A8B7-9A2B6E066DC0}.Release|Any CPU.ActiveCfg = Release|Any CPU
		{6FBEC1C8-3CFC-4E6F-A8B7-9A2B6E066DC0}.Release|Any CPU.Build.0 = Release|Any CPU
		{67508B5D-E49B-43E3-8EAF-6A1BDCD69AF3}.Debug|Any CPU.ActiveCfg = Debug|Any CPU
		{67508B5D-E49B-43E3-8EAF-6A1BDCD69AF3}.Debug|Any CPU.Build.0 = Debug|Any CPU
		{67508B5D-E49B-43E3-8EAF-6A1BDCD69AF3}.Release|Any CPU.ActiveCfg = Release|Any CPU
		{67508B5D-E49B-43E3-8EAF-6A1BDCD69AF3}.Release|Any CPU.Build.0 = Release|Any CPU
	EndGlobalSection
	GlobalSection(SolutionProperties) = preSolution
		HideSolutionNode = FALSE
	EndGlobalSection
	GlobalSection(NestedProjects) = preSolution
		{6FBEC1C8-3CFC-4E6F-A8B7-9A2B6E066DC0} = {D0662191-9127-4222-80E5-6001630509D7}
		{67508B5D-E49B-43E3-8EAF-6A1BDCD69AF3} = {D0662191-9127-4222-80E5-6001630509D7}
	EndGlobalSection
	GlobalSection(ExtensibilityGlobals) = postSolution
		SolutionGuid = {29A7F02C-6751-4B74-A362-34A6C84336E3}
	EndGlobalSection
EndGlobal
