
Microsoft Visual Studio Solution File, Format Version 11.00
# Visual Studio 2010
Project("{EDCC3B85-0BAD-11DB-BC1A-00112FDE8B61}") = "LinqToDB", "LinqToDB.nproj", "{848BF0EB-DA01-44CF-B4DA-4DDBF4F314D8}"
EndProject
Project("{EDCC3B85-0BAD-11DB-BC1A-00112FDE8B61}") = "LinqToDB.MacroInternal", "MacroInternal\LinqToDB.MacroInternal.nproj", "{4695FB81-2075-4A16-88A4-688B7D9795AB}"
EndProject
Global
	GlobalSection(SolutionConfigurationPlatforms) = preSolution
		Debug|Any CPU = Debug|Any CPU
		Release|Any CPU = Release|Any CPU
	EndGlobalSection
	GlobalSection(ProjectConfigurationPlatforms) = postSolution
		{848BF0EB-DA01-44CF-B4DA-4DDBF4F314D8}.Debug|Any CPU.ActiveCfg = Debug|Any CPU
		{848BF0EB-DA01-44CF-B4DA-4DDBF4F314D8}.Debug|Any CPU.Build.0 = Debug|Any CPU
		{848BF0EB-DA01-44CF-B4DA-4DDBF4F314D8}.Release|Any CPU.ActiveCfg = Release|Any CPU
		{848BF0EB-DA01-44CF-B4DA-4DDBF4F314D8}.Release|Any CPU.Build.0 = Release|Any CPU
		{4695FB81-2075-4A16-88A4-688B7D9795AB}.Debug|Any CPU.ActiveCfg = Debug|Any CPU
		{4695FB81-2075-4A16-88A4-688B7D9795AB}.Debug|Any CPU.Build.0 = Debug|Any CPU
		{4695FB81-2075-4A16-88A4-688B7D9795AB}.Release|Any CPU.ActiveCfg = Release|Any CPU
		{4695FB81-2075-4A16-88A4-688B7D9795AB}.Release|Any CPU.Build.0 = Release|Any CPU
	EndGlobalSection
	GlobalSection(SolutionProperties) = preSolution
		HideSolutionNode = FALSE
	EndGlobalSection
EndGlobal
