
Microsoft Visual Studio Solution File, Format Version 11.00
# Visual Studio 2010
Project("{EDCC3B85-0BAD-11DB-BC1A-00112FDE8B61}") = "LinqToDB", "LinqToDB.nproj", "{848BF0EB-DA01-44CF-B4DA-4DDBF4F314D8}"
EndProject
Project("{EDCC3B85-0BAD-11DB-BC1A-00112FDE8B61}") = "linq2db", "linq2db.nproj", "{7CBD2975-3D0C-4BC3-BB4E-932F910778CF}"
EndProject
Global
	GlobalSection(SolutionConfigurationPlatforms) = preSolution
		Debug|Any CPU = Debug|Any CPU
		Release|Any CPU = Release|Any CPU
	EndGlobalSection
	GlobalSection(ProjectConfigurationPlatforms) = postSolution
		{848BF0EB-DA01-44CF-B4DA-4DDBF4F314D8}.Debug|Any CPU.ActiveCfg = Debug|Any CPU
		{848BF0EB-DA01-44CF-B4DA-4DDBF4F314D8}.Debug|Any CPU.Build.0 = Debug|Any CPU
		{848BF0EB-DA01-44CF-B4DA-4DDBF4F314D8}.Release|Any CPU.ActiveCfg = Release|Any CPU
		{848BF0EB-DA01-44CF-B4DA-4DDBF4F314D8}.Release|Any CPU.Build.0 = Release|Any CPU
		{7CBD2975-3D0C-4BC3-BB4E-932F910778CF}.Debug|Any CPU.ActiveCfg = Debug|Any CPU
		{7CBD2975-3D0C-4BC3-BB4E-932F910778CF}.Debug|Any CPU.Build.0 = Debug|Any CPU
		{7CBD2975-3D0C-4BC3-BB4E-932F910778CF}.Release|Any CPU.ActiveCfg = Release|Any CPU
		{7CBD2975-3D0C-4BC3-BB4E-932F910778CF}.Release|Any CPU.Build.0 = Release|Any CPU
	EndGlobalSection
	GlobalSection(SolutionProperties) = preSolution
		HideSolutionNode = FALSE
	EndGlobalSection
EndGlobal
